// !$*UTF8*$!
{
	archiveVersion = 1;
	classes = {
	};
	objectVersion = 56;
	objects = {

/* Begin PBXBuildFile section */
		5F5C79392C88761200C7BFD9 /* AppSmartWifiMonitoringService.swift in Sources */ = {isa = PBXBuildFile; fileRef = 5F5C79382C88761200C7BFD9 /* AppSmartWifiMonitoringService.swift */; };
		5F5C79472C888C1800C7BFD9 /* AppWifiClientProvidable.swift in Sources */ = {isa = PBXBuildFile; fileRef = 5F5C79462C888C1800C7BFD9 /* AppWifiClientProvidable.swift */; };
		5FB977942C89DF7500ACB194 /* AppSmartAutoconnectWifiService.swift in Sources */ = {isa = PBXBuildFile; fileRef = 5FB977932C89DF7500ACB194 /* AppSmartAutoconnectWifiService.swift */; };
		5FE62F8A2C844FB400658155 /* AppSmartServiceProvidable.swift in Sources */ = {isa = PBXBuildFile; fileRef = 5FE62F892C844FB400658155 /* AppSmartServiceProvidable.swift */; };
		5FE62F8D2C84500500658155 /* AppSmartBatteryKeyType.swift in Sources */ = {isa = PBXBuildFile; fileRef = 5FE62F8C2C84500500658155 /* AppSmartBatteryKeyType.swift */; };
		5FE62F8F2C84502400658155 /* AppSmartBatteryPowerSourceType.swift in Sources */ = {isa = PBXBuildFile; fileRef = 5FE62F8E2C84502400658155 /* AppSmartBatteryPowerSourceType.swift */; };
		5FE62F912C84508500658155 /* AppBCMWLanSkywalkInterfaceType.swift in Sources */ = {isa = PBXBuildFile; fileRef = 5FE62F902C84508500658155 /* AppBCMWLanSkywalkInterfaceType.swift */; };
		5FE62F952C8450BB00658155 /* AppCoreWLanStatus.swift in Sources */ = {isa = PBXBuildFile; fileRef = 5FE62F942C8450BB00658155 /* AppCoreWLanStatus.swift */; };
		5FE62F992C84519B00658155 /* AppSmartBatteryService.swift in Sources */ = {isa = PBXBuildFile; fileRef = 5FE62F982C84519B00658155 /* AppSmartBatteryService.swift */; };
		5FE62F9B2C8451A600658155 /* AppSmartFileService.swift in Sources */ = {isa = PBXBuildFile; fileRef = 5FE62F9A2C8451A600658155 /* AppSmartFileService.swift */; };
		5FE62F9D2C8451B600658155 /* AppSmartWifiService.swift in Sources */ = {isa = PBXBuildFile; fileRef = 5FE62F9C2C8451B600658155 /* AppSmartWifiService.swift */; };
		5FE62F9F2C8451C300658155 /* AppSmartProcessService.swift in Sources */ = {isa = PBXBuildFile; fileRef = 5FE62F9E2C8451C300658155 /* AppSmartProcessService.swift */; };
		5FE62FA32C8451DB00658155 /* AppCoreWLanWifiService.swift in Sources */ = {isa = PBXBuildFile; fileRef = 5FE62FA22C8451DB00658155 /* AppCoreWLanWifiService.swift */; };
		5FE62FA52C8451EF00658155 /* AppWifiKeyChainService.swift in Sources */ = {isa = PBXBuildFile; fileRef = 5FE62FA42C8451EF00658155 /* AppWifiKeyChainService.swift */; };
		5FE62FA72C8451FA00658155 /* AppSmartFileMonitoringService.swift in Sources */ = {isa = PBXBuildFile; fileRef = 5FE62FA62C8451FA00658155 /* AppSmartFileMonitoringService.swift */; };
		5FE62FA92C84537F00658155 /* AppFileDescriptionType.swift in Sources */ = {isa = PBXBuildFile; fileRef = 5FE62FA82C84537F00658155 /* AppFileDescriptionType.swift */; };
		5FE62FAC2C8453B500658155 /* ScanningWifiData.swift in Sources */ = {isa = PBXBuildFile; fileRef = 5FE62FAB2C8453B500658155 /* ScanningWifiData.swift */; };
		5FE62FAE2C8457E900658155 /* ProcessMonitoringData.swift in Sources */ = {isa = PBXBuildFile; fileRef = 5FE62FAD2C8457E900658155 /* ProcessMonitoringData.swift */; };
/* End PBXBuildFile section */

/* Begin PBXFileReference section */
		5F5C79382C88761200C7BFD9 /* AppSmartWifiMonitoringService.swift */ = {isa = PBXFileReference; lastKnownFileType = sourcecode.swift; path = AppSmartWifiMonitoringService.swift; sourceTree = "<group>"; };
		5F5C79462C888C1800C7BFD9 /* AppWifiClientProvidable.swift */ = {isa = PBXFileReference; lastKnownFileType = sourcecode.swift; path = AppWifiClientProvidable.swift; sourceTree = "<group>"; };
		5FB977932C89DF7500ACB194 /* AppSmartAutoconnectWifiService.swift */ = {isa = PBXFileReference; lastKnownFileType = sourcecode.swift; path = AppSmartAutoconnectWifiService.swift; sourceTree = "<group>"; };
		5FE62F6E2C844ED300658155 /* libEZMackerServiceLib.a */ = {isa = PBXFileReference; explicitFileType = archive.ar; includeInIndex = 0; path = libEZMackerServiceLib.a; sourceTree = BUILT_PRODUCTS_DIR; };
		5FE62F892C844FB400658155 /* AppSmartServiceProvidable.swift */ = {isa = PBXFileReference; lastKnownFileType = sourcecode.swift; path = AppSmartServiceProvidable.swift; sourceTree = "<group>"; };
		5FE62F8C2C84500500658155 /* AppSmartBatteryKeyType.swift */ = {isa = PBXFileReference; lastKnownFileType = sourcecode.swift; path = AppSmartBatteryKeyType.swift; sourceTree = "<group>"; };
		5FE62F8E2C84502400658155 /* AppSmartBatteryPowerSourceType.swift */ = {isa = PBXFileReference; lastKnownFileType = sourcecode.swift; path = AppSmartBatteryPowerSourceType.swift; sourceTree = "<group>"; };
		5FE62F902C84508500658155 /* AppBCMWLanSkywalkInterfaceType.swift */ = {isa = PBXFileReference; lastKnownFileType = sourcecode.swift; path = AppBCMWLanSkywalkInterfaceType.swift; sourceTree = "<group>"; };
		5FE62F942C8450BB00658155 /* AppCoreWLanStatus.swift */ = {isa = PBXFileReference; lastKnownFileType = sourcecode.swift; path = AppCoreWLanStatus.swift; sourceTree = "<group>"; };
		5FE62F982C84519B00658155 /* AppSmartBatteryService.swift */ = {isa = PBXFileReference; lastKnownFileType = sourcecode.swift; path = AppSmartBatteryService.swift; sourceTree = "<group>"; };
		5FE62F9A2C8451A600658155 /* AppSmartFileService.swift */ = {isa = PBXFileReference; lastKnownFileType = sourcecode.swift; path = AppSmartFileService.swift; sourceTree = "<group>"; };
		5FE62F9C2C8451B600658155 /* AppSmartWifiService.swift */ = {isa = PBXFileReference; lastKnownFileType = sourcecode.swift; path = AppSmartWifiService.swift; sourceTree = "<group>"; };
		5FE62F9E2C8451C300658155 /* AppSmartProcessService.swift */ = {isa = PBXFileReference; lastKnownFileType = sourcecode.swift; path = AppSmartProcessService.swift; sourceTree = "<group>"; };
		5FE62FA22C8451DB00658155 /* AppCoreWLanWifiService.swift */ = {isa = PBXFileReference; lastKnownFileType = sourcecode.swift; path = AppCoreWLanWifiService.swift; sourceTree = "<group>"; };
		5FE62FA42C8451EF00658155 /* AppWifiKeyChainService.swift */ = {isa = PBXFileReference; lastKnownFileType = sourcecode.swift; path = AppWifiKeyChainService.swift; sourceTree = "<group>"; };
		5FE62FA62C8451FA00658155 /* AppSmartFileMonitoringService.swift */ = {isa = PBXFileReference; lastKnownFileType = sourcecode.swift; path = AppSmartFileMonitoringService.swift; sourceTree = "<group>"; };
		5FE62FA82C84537F00658155 /* AppFileDescriptionType.swift */ = {isa = PBXFileReference; lastKnownFileType = sourcecode.swift; path = AppFileDescriptionType.swift; sourceTree = "<group>"; };
		5FE62FAB2C8453B500658155 /* ScanningWifiData.swift */ = {isa = PBXFileReference; lastKnownFileType = sourcecode.swift; path = ScanningWifiData.swift; sourceTree = "<group>"; };
		5FE62FAD2C8457E900658155 /* ProcessMonitoringData.swift */ = {isa = PBXFileReference; lastKnownFileType = sourcecode.swift; path = ProcessMonitoringData.swift; sourceTree = "<group>"; };
/* End PBXFileReference section */

/* Begin PBXFrameworksBuildPhase section */
		5FE62F6C2C844ED300658155 /* Frameworks */ = {
			isa = PBXFrameworksBuildPhase;
			buildActionMask = 2147483647;
			files = (
			);
			runOnlyForDeploymentPostprocessing = 0;
		};
/* End PBXFrameworksBuildPhase section */

/* Begin PBXGroup section */
		5FE62F652C844ED300658155 = {
			isa = PBXGroup;
			children = (
				5FE62FAA2C8453A300658155 /* Model */,
				5FE62FA62C8451FA00658155 /* AppSmartFileMonitoringService.swift */,
				5FB977932C89DF7500ACB194 /* AppSmartAutoconnectWifiService.swift */,
				5FE62FA42C8451EF00658155 /* AppWifiKeyChainService.swift */,
				5FE62FA22C8451DB00658155 /* AppCoreWLanWifiService.swift */,
				5FE62F9E2C8451C300658155 /* AppSmartProcessService.swift */,
				5F5C79382C88761200C7BFD9 /* AppSmartWifiMonitoringService.swift */,
				5FE62F9C2C8451B600658155 /* AppSmartWifiService.swift */,
				5FE62F9A2C8451A600658155 /* AppSmartFileService.swift */,
				5FE62F982C84519B00658155 /* AppSmartBatteryService.swift */,
				5FE62F8B2C844FF700658155 /* Enum */,
				5FE62F882C844F9700658155 /* Protocol */,
				5FE62F6F2C844ED300658155 /* Products */,
			);
			sourceTree = "<group>";
		};
		5FE62F6F2C844ED300658155 /* Products */ = {
			isa = PBXGroup;
			children = (
				5FE62F6E2C844ED300658155 /* libEZMackerServiceLib.a */,
			);
			name = Products;
			sourceTree = "<group>";
		};
		5FE62F882C844F9700658155 /* Protocol */ = {
			isa = PBXGroup;
			children = (
				5FE62F892C844FB400658155 /* AppSmartServiceProvidable.swift */,
				5F5C79462C888C1800C7BFD9 /* AppWifiClientProvidable.swift */,
			);
			path = Protocol;
			sourceTree = "<group>";
		};
		5FE62F8B2C844FF700658155 /* Enum */ = {
			isa = PBXGroup;
			children = (
				5FE62F8C2C84500500658155 /* AppSmartBatteryKeyType.swift */,
				5FE62F8E2C84502400658155 /* AppSmartBatteryPowerSourceType.swift */,
				5FE62F902C84508500658155 /* AppBCMWLanSkywalkInterfaceType.swift */,
				5FE62F942C8450BB00658155 /* AppCoreWLanStatus.swift */,
				5FE62FA82C84537F00658155 /* AppFileDescriptionType.swift */,
			);
			path = Enum;
			sourceTree = "<group>";
		};
		5FE62FAA2C8453A300658155 /* Model */ = {
			isa = PBXGroup;
			children = (
				5FE62FAB2C8453B500658155 /* ScanningWifiData.swift */,
				5FE62FAD2C8457E900658155 /* ProcessMonitoringData.swift */,
			);
			path = Model;
			sourceTree = "<group>";
		};
/* End PBXGroup section */

/* Begin PBXHeadersBuildPhase section */
		5FE62F6A2C844ED300658155 /* Headers */ = {
			isa = PBXHeadersBuildPhase;
			buildActionMask = 2147483647;
			files = (
			);
			runOnlyForDeploymentPostprocessing = 0;
		};
/* End PBXHeadersBuildPhase section */

/* Begin PBXNativeTarget section */
		5FE62F6D2C844ED300658155 /* EZMackerServiceLib */ = {
			isa = PBXNativeTarget;
			buildConfigurationList = 5FE62F772C844ED300658155 /* Build configuration list for PBXNativeTarget "EZMackerServiceLib" */;
			buildPhases = (
				5FE62F6A2C844ED300658155 /* Headers */,
				5FE62F6B2C844ED300658155 /* Sources */,
				5FE62F6C2C844ED300658155 /* Frameworks */,
			);
			buildRules = (
			);
			dependencies = (
			);
			name = EZMackerServiceLib;
			productName = EZMackerServiceLib;
			productReference = 5FE62F6E2C844ED300658155 /* libEZMackerServiceLib.a */;
			productType = "com.apple.product-type.library.static";
		};
/* End PBXNativeTarget section */

/* Begin PBXProject section */
		5FE62F662C844ED300658155 /* Project object */ = {
			isa = PBXProject;
			attributes = {
				BuildIndependentTargetsInParallel = 1;
				LastUpgradeCheck = 1540;
				TargetAttributes = {
					5FE62F6D2C844ED300658155 = {
						CreatedOnToolsVersion = 15.4;
						LastSwiftMigration = 1540;
					};
				};
			};
			buildConfigurationList = 5FE62F692C844ED300658155 /* Build configuration list for PBXProject "EZMackerServiceLib" */;
			compatibilityVersion = "Xcode 14.0";
			developmentRegion = en;
			hasScannedForEncodings = 0;
			knownRegions = (
				en,
				Base,
			);
			mainGroup = 5FE62F652C844ED300658155;
			productRefGroup = 5FE62F6F2C844ED300658155 /* Products */;
			projectDirPath = "";
			projectRoot = "";
			targets = (
				5FE62F6D2C844ED300658155 /* EZMackerServiceLib */,
			);
		};
/* End PBXProject section */

/* Begin PBXSourcesBuildPhase section */
		5FE62F6B2C844ED300658155 /* Sources */ = {
			isa = PBXSourcesBuildPhase;
			buildActionMask = 2147483647;
			files = (
				5FE62F992C84519B00658155 /* AppSmartBatteryService.swift in Sources */,
				5FE62F9D2C8451B600658155 /* AppSmartWifiService.swift in Sources */,
				5FE62F8A2C844FB400658155 /* AppSmartServiceProvidable.swift in Sources */,
				5FE62FA32C8451DB00658155 /* AppCoreWLanWifiService.swift in Sources */,
				5FE62F912C84508500658155 /* AppBCMWLanSkywalkInterfaceType.swift in Sources */,
				5FE62FAE2C8457E900658155 /* ProcessMonitoringData.swift in Sources */,
				5FE62F8D2C84500500658155 /* AppSmartBatteryKeyType.swift in Sources */,
				5FE62F9B2C8451A600658155 /* AppSmartFileService.swift in Sources */,
				5FB977942C89DF7500ACB194 /* AppSmartAutoconnectWifiService.swift in Sources */,
				5FE62F952C8450BB00658155 /* AppCoreWLanStatus.swift in Sources */,
				5FE62F8F2C84502400658155 /* AppSmartBatteryPowerSourceType.swift in Sources */,
				5F5C79472C888C1800C7BFD9 /* AppWifiClientProvidable.swift in Sources */,
				5FE62FAC2C8453B500658155 /* ScanningWifiData.swift in Sources */,
				5FE62F9F2C8451C300658155 /* AppSmartProcessService.swift in Sources */,
				5F5C79392C88761200C7BFD9 /* AppSmartWifiMonitoringService.swift in Sources */,
				5FE62FA52C8451EF00658155 /* AppWifiKeyChainService.swift in Sources */,
				5FE62FA72C8451FA00658155 /* AppSmartFileMonitoringService.swift in Sources */,
				5FE62FA92C84537F00658155 /* AppFileDescriptionType.swift in Sources */,
			);
			runOnlyForDeploymentPostprocessing = 0;
		};
/* End PBXSourcesBuildPhase section */

/* Begin XCBuildConfiguration section */
		5FE62F752C844ED300658155 /* Debug */ = {
			isa = XCBuildConfiguration;
			buildSettings = {
				ALWAYS_SEARCH_USER_PATHS = NO;
				ASSETCATALOG_COMPILER_GENERATE_SWIFT_ASSET_SYMBOL_EXTENSIONS = YES;
				CLANG_ANALYZER_NONNULL = YES;
				CLANG_ANALYZER_NUMBER_OBJECT_CONVERSION = YES_AGGRESSIVE;
				CLANG_CXX_LANGUAGE_STANDARD = "gnu++20";
				CLANG_ENABLE_MODULES = YES;
				CLANG_ENABLE_OBJC_ARC = YES;
				CLANG_ENABLE_OBJC_WEAK = YES;
				CLANG_WARN_BLOCK_CAPTURE_AUTORELEASING = YES;
				CLANG_WARN_BOOL_CONVERSION = YES;
				CLANG_WARN_COMMA = YES;
				CLANG_WARN_CONSTANT_CONVERSION = YES;
				CLANG_WARN_DEPRECATED_OBJC_IMPLEMENTATIONS = YES;
				CLANG_WARN_DIRECT_OBJC_ISA_USAGE = YES_ERROR;
				CLANG_WARN_DOCUMENTATION_COMMENTS = YES;
				CLANG_WARN_EMPTY_BODY = YES;
				CLANG_WARN_ENUM_CONVERSION = YES;
				CLANG_WARN_INFINITE_RECURSION = YES;
				CLANG_WARN_INT_CONVERSION = YES;
				CLANG_WARN_NON_LITERAL_NULL_CONVERSION = YES;
				CLANG_WARN_OBJC_IMPLICIT_RETAIN_SELF = YES;
				CLANG_WARN_OBJC_LITERAL_CONVERSION = YES;
				CLANG_WARN_OBJC_ROOT_CLASS = YES_ERROR;
				CLANG_WARN_QUOTED_INCLUDE_IN_FRAMEWORK_HEADER = YES;
				CLANG_WARN_RANGE_LOOP_ANALYSIS = YES;
				CLANG_WARN_STRICT_PROTOTYPES = YES;
				CLANG_WARN_SUSPICIOUS_MOVE = YES;
				CLANG_WARN_UNGUARDED_AVAILABILITY = YES_AGGRESSIVE;
				CLANG_WARN_UNREACHABLE_CODE = YES;
				CLANG_WARN__DUPLICATE_METHOD_MATCH = YES;
				COPY_PHASE_STRIP = NO;
				DEBUG_INFORMATION_FORMAT = dwarf;
				ENABLE_STRICT_OBJC_MSGSEND = YES;
				ENABLE_TESTABILITY = YES;
				ENABLE_USER_SCRIPT_SANDBOXING = YES;
				GCC_C_LANGUAGE_STANDARD = gnu17;
				GCC_DYNAMIC_NO_PIC = NO;
				GCC_NO_COMMON_BLOCKS = YES;
				GCC_OPTIMIZATION_LEVEL = 0;
				GCC_PREPROCESSOR_DEFINITIONS = (
					"DEBUG=1",
					"$(inherited)",
				);
				GCC_WARN_64_TO_32_BIT_CONVERSION = YES;
				GCC_WARN_ABOUT_RETURN_TYPE = YES_ERROR;
				GCC_WARN_UNDECLARED_SELECTOR = YES;
				GCC_WARN_UNINITIALIZED_AUTOS = YES_AGGRESSIVE;
				GCC_WARN_UNUSED_FUNCTION = YES;
				GCC_WARN_UNUSED_VARIABLE = YES;
				LOCALIZATION_PREFERS_STRING_CATALOGS = YES;
				MACOSX_DEPLOYMENT_TARGET = 14.0;
				MTL_ENABLE_DEBUG_INFO = INCLUDE_SOURCE;
				MTL_FAST_MATH = YES;
				ONLY_ACTIVE_ARCH = YES;
				SDKROOT = macosx;
			};
			name = Debug;
		};
		5FE62F762C844ED300658155 /* Release */ = {
			isa = XCBuildConfiguration;
			buildSettings = {
				ALWAYS_SEARCH_USER_PATHS = NO;
				ASSETCATALOG_COMPILER_GENERATE_SWIFT_ASSET_SYMBOL_EXTENSIONS = YES;
				CLANG_ANALYZER_NONNULL = YES;
				CLANG_ANALYZER_NUMBER_OBJECT_CONVERSION = YES_AGGRESSIVE;
				CLANG_CXX_LANGUAGE_STANDARD = "gnu++20";
				CLANG_ENABLE_MODULES = YES;
				CLANG_ENABLE_OBJC_ARC = YES;
				CLANG_ENABLE_OBJC_WEAK = YES;
				CLANG_WARN_BLOCK_CAPTURE_AUTORELEASING = YES;
				CLANG_WARN_BOOL_CONVERSION = YES;
				CLANG_WARN_COMMA = YES;
				CLANG_WARN_CONSTANT_CONVERSION = YES;
				CLANG_WARN_DEPRECATED_OBJC_IMPLEMENTATIONS = YES;
				CLANG_WARN_DIRECT_OBJC_ISA_USAGE = YES_ERROR;
				CLANG_WARN_DOCUMENTATION_COMMENTS = YES;
				CLANG_WARN_EMPTY_BODY = YES;
				CLANG_WARN_ENUM_CONVERSION = YES;
				CLANG_WARN_INFINITE_RECURSION = YES;
				CLANG_WARN_INT_CONVERSION = YES;
				CLANG_WARN_NON_LITERAL_NULL_CONVERSION = YES;
				CLANG_WARN_OBJC_IMPLICIT_RETAIN_SELF = YES;
				CLANG_WARN_OBJC_LITERAL_CONVERSION = YES;
				CLANG_WARN_OBJC_ROOT_CLASS = YES_ERROR;
				CLANG_WARN_QUOTED_INCLUDE_IN_FRAMEWORK_HEADER = YES;
				CLANG_WARN_RANGE_LOOP_ANALYSIS = YES;
				CLANG_WARN_STRICT_PROTOTYPES = YES;
				CLANG_WARN_SUSPICIOUS_MOVE = YES;
				CLANG_WARN_UNGUARDED_AVAILABILITY = YES_AGGRESSIVE;
				CLANG_WARN_UNREACHABLE_CODE = YES;
				CLANG_WARN__DUPLICATE_METHOD_MATCH = YES;
				COPY_PHASE_STRIP = NO;
				DEBUG_INFORMATION_FORMAT = "dwarf-with-dsym";
				ENABLE_NS_ASSERTIONS = NO;
				ENABLE_STRICT_OBJC_MSGSEND = YES;
				ENABLE_USER_SCRIPT_SANDBOXING = YES;
				GCC_C_LANGUAGE_STANDARD = gnu17;
				GCC_NO_COMMON_BLOCKS = YES;
				GCC_WARN_64_TO_32_BIT_CONVERSION = YES;
				GCC_WARN_ABOUT_RETURN_TYPE = YES_ERROR;
				GCC_WARN_UNDECLARED_SELECTOR = YES;
				GCC_WARN_UNINITIALIZED_AUTOS = YES_AGGRESSIVE;
				GCC_WARN_UNUSED_FUNCTION = YES;
				GCC_WARN_UNUSED_VARIABLE = YES;
				LOCALIZATION_PREFERS_STRING_CATALOGS = YES;
				MACOSX_DEPLOYMENT_TARGET = 14.0;
				MTL_ENABLE_DEBUG_INFO = NO;
				MTL_FAST_MATH = YES;
				SDKROOT = macosx;
			};
			name = Release;
		};
		5FE62F782C844ED300658155 /* Debug */ = {
			isa = XCBuildConfiguration;
			buildSettings = {
				CLANG_ENABLE_MODULES = YES;
				CODE_SIGN_STYLE = Automatic;
				DEVELOPMENT_TEAM = C9QJLU3JB2;
				EXECUTABLE_PREFIX = lib;
				PRODUCT_NAME = "$(TARGET_NAME)";
				SKIP_INSTALL = YES;
				SWIFT_OPTIMIZATION_LEVEL = "-Onone";
				SWIFT_VERSION = 5.0;
			};
			name = Debug;
		};
		5FE62F792C844ED300658155 /* Release */ = {
			isa = XCBuildConfiguration;
			buildSettings = {
				CLANG_ENABLE_MODULES = YES;
				CODE_SIGN_STYLE = Automatic;
				DEVELOPMENT_TEAM = C9QJLU3JB2;
				EXECUTABLE_PREFIX = lib;
				PRODUCT_NAME = "$(TARGET_NAME)";
				SKIP_INSTALL = YES;
				SWIFT_VERSION = 5.0;
			};
			name = Release;
		};
/* End XCBuildConfiguration section */

/* Begin XCConfigurationList section */
		5FE62F692C844ED300658155 /* Build configuration list for PBXProject "EZMackerServiceLib" */ = {
			isa = XCConfigurationList;
			buildConfigurations = (
				5FE62F752C844ED300658155 /* Debug */,
				5FE62F762C844ED300658155 /* Release */,
			);
			defaultConfigurationIsVisible = 0;
			defaultConfigurationName = Release;
		};
		5FE62F772C844ED300658155 /* Build configuration list for PBXNativeTarget "EZMackerServiceLib" */ = {
			isa = XCConfigurationList;
			buildConfigurations = (
				5FE62F782C844ED300658155 /* Debug */,
				5FE62F792C844ED300658155 /* Release */,
			);
			defaultConfigurationIsVisible = 0;
			defaultConfigurationName = Release;
		};
/* End XCConfigurationList section */
	};
	rootObject = 5FE62F662C844ED300658155 /* Project object */;
}
