// !$*UTF8*$!
{
	archiveVersion = 1;
	classes = {
	};
	objectVersion = 56;
	objects = {

/* Begin PBXBuildFile section */
		5F10129B2BF382B100589C9B /* CustomFont1.swift in Sources */ = {isa = PBXBuildFile; fileRef = 5F10129A2BF382B100589C9B /* CustomFont1.swift */; };
		5F10129D2BF382D800589C9B /* CustomImage1.swift in Sources */ = {isa = PBXBuildFile; fileRef = 5F10129C2BF382D800589C9B /* CustomImage1.swift */; };
		5F1012A12BF3832400589C9B /* BatteryBarView.swift in Sources */ = {isa = PBXBuildFile; fileRef = 5F1012A02BF3832400589C9B /* BatteryBarView.swift */; };
		5F1012A62BF3844300589C9B /* CustomImage.swift in Sources */ = {isa = PBXBuildFile; fileRef = 5F1012A52BF3844300589C9B /* CustomImage.swift */; };
		5F1012A82BF3997E00589C9B /* InfoElipseHImageView.swift in Sources */ = {isa = PBXBuildFile; fileRef = 5F1012A72BF3997E00589C9B /* InfoElipseHImageView.swift */; };
		5F1012AC2BF399ED00589C9B /* CustomTitle.swift in Sources */ = {isa = PBXBuildFile; fileRef = 5F1012AB2BF399ED00589C9B /* CustomTitle.swift */; };
		5F1012AE2BF399F600589C9B /* CustomContent.swift in Sources */ = {isa = PBXBuildFile; fileRef = 5F1012AD2BF399F600589C9B /* CustomContent.swift */; };
		5F1012B22BF39EBD00589C9B /* InfoRectangleHImageTextView.swift in Sources */ = {isa = PBXBuildFile; fileRef = 5F1012B12BF39EBD00589C9B /* InfoRectangleHImageTextView.swift */; };
		5F2DD1892BED1F5500BCD628 /* AppSmartBatteryPowerSourceType.swift in Sources */ = {isa = PBXBuildFile; fileRef = 5F2DD1882BED1F5500BCD628 /* AppSmartBatteryPowerSourceType.swift */; };
		5F36B2172BE7AB3000E08935 /* EZMackerApp.swift in Sources */ = {isa = PBXBuildFile; fileRef = 5F36B2162BE7AB3000E08935 /* EZMackerApp.swift */; };
		5F36B21B2BE7AB3100E08935 /* Assets.xcassets in Resources */ = {isa = PBXBuildFile; fileRef = 5F36B21A2BE7AB3100E08935 /* Assets.xcassets */; };
		5F36B21E2BE7AB3100E08935 /* Preview Assets.xcassets in Resources */ = {isa = PBXBuildFile; fileRef = 5F36B21D2BE7AB3100E08935 /* Preview Assets.xcassets */; };
		5F36B2292BE7AB3100E08935 /* EZMackerTests.swift in Sources */ = {isa = PBXBuildFile; fileRef = 5F36B2282BE7AB3100E08935 /* EZMackerTests.swift */; };
		5F36B2332BE7AB3100E08935 /* EZMackerUITests.swift in Sources */ = {isa = PBXBuildFile; fileRef = 5F36B2322BE7AB3100E08935 /* EZMackerUITests.swift */; };
		5F36B2352BE7AB3100E08935 /* EZMackerUITestsLaunchTests.swift in Sources */ = {isa = PBXBuildFile; fileRef = 5F36B2342BE7AB3100E08935 /* EZMackerUITestsLaunchTests.swift */; };
		5F36B2442BE7ACC000E08935 /* MainContentView.swift in Sources */ = {isa = PBXBuildFile; fileRef = 5F36B2432BE7ACC000E08935 /* MainContentView.swift */; };
		5F36B2522BE7B2B800E08935 /* AppSmartBatteryService.swift in Sources */ = {isa = PBXBuildFile; fileRef = 5F36B2512BE7B2B800E08935 /* AppSmartBatteryService.swift */; };
		5F36B2542BE7B2CB00E08935 /* AppSmartBatteryKeyType.swift in Sources */ = {isa = PBXBuildFile; fileRef = 5F36B2532BE7B2CB00E08935 /* AppSmartBatteryKeyType.swift */; };
		5F6D4E602BE88213004B94F8 /* AppStorageKey.swift in Sources */ = {isa = PBXBuildFile; fileRef = 5F6D4E5F2BE88213004B94F8 /* AppStorageKey.swift */; };
		5F6D4E622BE888D9004B94F8 /* UserDefaultManager.swift in Sources */ = {isa = PBXBuildFile; fileRef = 5F6D4E612BE888D9004B94F8 /* UserDefaultManager.swift */; };
		5F6D4E652BE889BB004B94F8 /* Logger.swift in Sources */ = {isa = PBXBuildFile; fileRef = 5F6D4E642BE889BB004B94F8 /* Logger.swift */; };
		5F6D4E682BE88A03004B94F8 /* Date + Extension.swift in Sources */ = {isa = PBXBuildFile; fileRef = 5F6D4E672BE88A03004B94F8 /* Date + Extension.swift */; };
		5F6D4E6A2BE88AD9004B94F8 /* ToolbarKey.swift in Sources */ = {isa = PBXBuildFile; fileRef = 5F6D4E692BE88AD9004B94F8 /* ToolbarKey.swift */; };
		5F6D4E6C2BE88CC6004B94F8 /* ThemeColor.swift in Sources */ = {isa = PBXBuildFile; fileRef = 5F6D4E6B2BE88CC6004B94F8 /* ThemeColor.swift */; };
		5F6D4E6E2BE88CE1004B94F8 /* ColorSchemeMode.swift in Sources */ = {isa = PBXBuildFile; fileRef = 5F6D4E6D2BE88CE1004B94F8 /* ColorSchemeMode.swift */; };
		5F6D4E732BE8A262004B94F8 /* Extension + View.swift in Sources */ = {isa = PBXBuildFile; fileRef = 5F6D4E722BE8A262004B94F8 /* Extension + View.swift */; };
		5F6D4E762BE8A2A4004B94F8 /* ToastStyle.swift in Sources */ = {isa = PBXBuildFile; fileRef = 5F6D4E752BE8A2A4004B94F8 /* ToastStyle.swift */; };
		5F6D4E792BE8A2DA004B94F8 /* ToastView.swift in Sources */ = {isa = PBXBuildFile; fileRef = 5F6D4E782BE8A2DA004B94F8 /* ToastView.swift */; };
		5F6D4E7C2BE8A328004B94F8 /* Toast.swift in Sources */ = {isa = PBXBuildFile; fileRef = 5F6D4E7B2BE8A328004B94F8 /* Toast.swift */; };
		5F70D5DB2BE7BDC7004509BC /* SmartFileViewModel.swift in Sources */ = {isa = PBXBuildFile; fileRef = 5F70D5DA2BE7BDC7004509BC /* SmartFileViewModel.swift */; };
		5F70D5DD2BE7BDE0004509BC /* SmartBatteryViewModel.swift in Sources */ = {isa = PBXBuildFile; fileRef = 5F70D5DC2BE7BDE0004509BC /* SmartBatteryViewModel.swift */; };
		5F70D5DF2BE7BE26004509BC /* AppSmartFileService.swift in Sources */ = {isa = PBXBuildFile; fileRef = 5F70D5DE2BE7BE26004509BC /* AppSmartFileService.swift */; };
		5F70D5E22BE7C586004509BC /* CategoryType.swift in Sources */ = {isa = PBXBuildFile; fileRef = 5F70D5E12BE7C586004509BC /* CategoryType.swift */; };
		5F70D5ED2BE7D8F4004509BC /* FontSizeType.swift in Sources */ = {isa = PBXBuildFile; fileRef = 5F70D5EC2BE7D8F4004509BC /* FontSizeType.swift */; };
		5FCC8B982BF2344400BCCFF3 /* NotificationAlarmView.swift in Sources */ = {isa = PBXBuildFile; fileRef = 5FCC8B972BF2344400BCCFF3 /* NotificationAlarmView.swift */; };
		5FCC8B9A2BF2345300BCCFF3 /* NotificationAlarmViewModel.swift in Sources */ = {isa = PBXBuildFile; fileRef = 5FCC8B992BF2345300BCCFF3 /* NotificationAlarmViewModel.swift */; };
		5FD0313A2BEA5E8D009A8169 /* Int + Extension.swift in Sources */ = {isa = PBXBuildFile; fileRef = 5FD031392BEA5E8D009A8169 /* Int + Extension.swift */; };
		5FEE27C12BE8DB0500847761 /* KeyboardModifierFlag.swift in Sources */ = {isa = PBXBuildFile; fileRef = 5FEE27C02BE8DB0500847761 /* KeyboardModifierFlag.swift */; };
		5FEE27C32BE8DB1900847761 /* KeyboardCharacter.swift in Sources */ = {isa = PBXBuildFile; fileRef = 5FEE27C22BE8DB1900847761 /* KeyboardCharacter.swift */; };
		5FEE27C52BE8DC4800847761 /* KeyboardShortCutHandler.swift in Sources */ = {isa = PBXBuildFile; fileRef = 5FEE27C42BE8DC4800847761 /* KeyboardShortCutHandler.swift */; };
		5FEE27C82BE9015400847761 /* CategoryView.swift in Sources */ = {isa = PBXBuildFile; fileRef = 5FEE27C72BE9015400847761 /* CategoryView.swift */; };
		5FEE27CB2BE9018800847761 /* SmartFileView.swift in Sources */ = {isa = PBXBuildFile; fileRef = 5FEE27CA2BE9018800847761 /* SmartFileView.swift */; };
		5FEE27CD2BE901A000847761 /* SmartBatteryView.swift in Sources */ = {isa = PBXBuildFile; fileRef = 5FEE27CC2BE901A000847761 /* SmartBatteryView.swift */; };
		5FEE27CF2BE901D900847761 /* ColorSchemeToolbarView.swift in Sources */ = {isa = PBXBuildFile; fileRef = 5FEE27CE2BE901D900847761 /* ColorSchemeToolbarView.swift */; };
/* End PBXBuildFile section */

/* Begin PBXContainerItemProxy section */
		5F36B2252BE7AB3100E08935 /* PBXContainerItemProxy */ = {
			isa = PBXContainerItemProxy;
			containerPortal = 5F36B20B2BE7AB3000E08935 /* Project object */;
			proxyType = 1;
			remoteGlobalIDString = 5F36B2122BE7AB3000E08935;
			remoteInfo = EZMacker;
		};
		5F36B22F2BE7AB3100E08935 /* PBXContainerItemProxy */ = {
			isa = PBXContainerItemProxy;
			containerPortal = 5F36B20B2BE7AB3000E08935 /* Project object */;
			proxyType = 1;
			remoteGlobalIDString = 5F36B2122BE7AB3000E08935;
			remoteInfo = EZMacker;
		};
/* End PBXContainerItemProxy section */

/* Begin PBXFileReference section */
		5F10129A2BF382B100589C9B /* CustomFont1.swift */ = {isa = PBXFileReference; lastKnownFileType = sourcecode.swift; path = CustomFont1.swift; sourceTree = "<group>"; };
		5F10129C2BF382D800589C9B /* CustomImage1.swift */ = {isa = PBXFileReference; lastKnownFileType = sourcecode.swift; path = CustomImage1.swift; sourceTree = "<group>"; };
		5F1012A02BF3832400589C9B /* BatteryBarView.swift */ = {isa = PBXFileReference; lastKnownFileType = sourcecode.swift; path = BatteryBarView.swift; sourceTree = "<group>"; };
		5F1012A52BF3844300589C9B /* CustomImage.swift */ = {isa = PBXFileReference; lastKnownFileType = sourcecode.swift; path = CustomImage.swift; sourceTree = "<group>"; };
		5F1012A72BF3997E00589C9B /* InfoElipseHImageView.swift */ = {isa = PBXFileReference; lastKnownFileType = sourcecode.swift; path = InfoElipseHImageView.swift; sourceTree = "<group>"; };
		5F1012AB2BF399ED00589C9B /* CustomTitle.swift */ = {isa = PBXFileReference; lastKnownFileType = sourcecode.swift; path = CustomTitle.swift; sourceTree = "<group>"; };
		5F1012AD2BF399F600589C9B /* CustomContent.swift */ = {isa = PBXFileReference; lastKnownFileType = sourcecode.swift; path = CustomContent.swift; sourceTree = "<group>"; };
		5F1012B12BF39EBD00589C9B /* InfoRectangleHImageTextView.swift */ = {isa = PBXFileReference; lastKnownFileType = sourcecode.swift; path = InfoRectangleHImageTextView.swift; sourceTree = "<group>"; };
		5F2DD1882BED1F5500BCD628 /* AppSmartBatteryPowerSourceType.swift */ = {isa = PBXFileReference; lastKnownFileType = sourcecode.swift; path = AppSmartBatteryPowerSourceType.swift; sourceTree = "<group>"; };
		5F36B2132BE7AB3000E08935 /* EZMacker.app */ = {isa = PBXFileReference; explicitFileType = wrapper.application; includeInIndex = 0; path = EZMacker.app; sourceTree = BUILT_PRODUCTS_DIR; };
		5F36B2162BE7AB3000E08935 /* EZMackerApp.swift */ = {isa = PBXFileReference; lastKnownFileType = sourcecode.swift; path = EZMackerApp.swift; sourceTree = "<group>"; };
		5F36B21A2BE7AB3100E08935 /* Assets.xcassets */ = {isa = PBXFileReference; lastKnownFileType = folder.assetcatalog; name = Assets.xcassets; path = EZMacker/Assets.xcassets; sourceTree = SOURCE_ROOT; };
		5F36B21D2BE7AB3100E08935 /* Preview Assets.xcassets */ = {isa = PBXFileReference; lastKnownFileType = folder.assetcatalog; path = "Preview Assets.xcassets"; sourceTree = "<group>"; };
		5F36B21F2BE7AB3100E08935 /* EZMacker.entitlements */ = {isa = PBXFileReference; lastKnownFileType = text.plist.entitlements; path = EZMacker.entitlements; sourceTree = "<group>"; };
		5F36B2242BE7AB3100E08935 /* EZMackerTests.xctest */ = {isa = PBXFileReference; explicitFileType = wrapper.cfbundle; includeInIndex = 0; path = EZMackerTests.xctest; sourceTree = BUILT_PRODUCTS_DIR; };
		5F36B2282BE7AB3100E08935 /* EZMackerTests.swift */ = {isa = PBXFileReference; lastKnownFileType = sourcecode.swift; path = EZMackerTests.swift; sourceTree = "<group>"; };
		5F36B22E2BE7AB3100E08935 /* EZMackerUITests.xctest */ = {isa = PBXFileReference; explicitFileType = wrapper.cfbundle; includeInIndex = 0; path = EZMackerUITests.xctest; sourceTree = BUILT_PRODUCTS_DIR; };
		5F36B2322BE7AB3100E08935 /* EZMackerUITests.swift */ = {isa = PBXFileReference; lastKnownFileType = sourcecode.swift; path = EZMackerUITests.swift; sourceTree = "<group>"; };
		5F36B2342BE7AB3100E08935 /* EZMackerUITestsLaunchTests.swift */ = {isa = PBXFileReference; lastKnownFileType = sourcecode.swift; path = EZMackerUITestsLaunchTests.swift; sourceTree = "<group>"; };
		5F36B2432BE7ACC000E08935 /* MainContentView.swift */ = {isa = PBXFileReference; lastKnownFileType = sourcecode.swift; path = MainContentView.swift; sourceTree = "<group>"; };
		5F36B2512BE7B2B800E08935 /* AppSmartBatteryService.swift */ = {isa = PBXFileReference; lastKnownFileType = sourcecode.swift; path = AppSmartBatteryService.swift; sourceTree = "<group>"; };
		5F36B2532BE7B2CB00E08935 /* AppSmartBatteryKeyType.swift */ = {isa = PBXFileReference; lastKnownFileType = sourcecode.swift; path = AppSmartBatteryKeyType.swift; sourceTree = "<group>"; };
		5F6D4E5F2BE88213004B94F8 /* AppStorageKey.swift */ = {isa = PBXFileReference; lastKnownFileType = sourcecode.swift; path = AppStorageKey.swift; sourceTree = "<group>"; };
		5F6D4E612BE888D9004B94F8 /* UserDefaultManager.swift */ = {isa = PBXFileReference; lastKnownFileType = sourcecode.swift; path = UserDefaultManager.swift; sourceTree = "<group>"; };
		5F6D4E642BE889BB004B94F8 /* Logger.swift */ = {isa = PBXFileReference; lastKnownFileType = sourcecode.swift; path = Logger.swift; sourceTree = "<group>"; };
		5F6D4E672BE88A03004B94F8 /* Date + Extension.swift */ = {isa = PBXFileReference; lastKnownFileType = sourcecode.swift; path = "Date + Extension.swift"; sourceTree = "<group>"; };
		5F6D4E692BE88AD9004B94F8 /* ToolbarKey.swift */ = {isa = PBXFileReference; lastKnownFileType = sourcecode.swift; path = ToolbarKey.swift; sourceTree = "<group>"; };
		5F6D4E6B2BE88CC6004B94F8 /* ThemeColor.swift */ = {isa = PBXFileReference; lastKnownFileType = sourcecode.swift; path = ThemeColor.swift; sourceTree = "<group>"; };
		5F6D4E6D2BE88CE1004B94F8 /* ColorSchemeMode.swift */ = {isa = PBXFileReference; lastKnownFileType = sourcecode.swift; path = ColorSchemeMode.swift; sourceTree = "<group>"; };
		5F6D4E722BE8A262004B94F8 /* Extension + View.swift */ = {isa = PBXFileReference; lastKnownFileType = sourcecode.swift; path = "Extension + View.swift"; sourceTree = "<group>"; };
		5F6D4E752BE8A2A4004B94F8 /* ToastStyle.swift */ = {isa = PBXFileReference; lastKnownFileType = sourcecode.swift; path = ToastStyle.swift; sourceTree = "<group>"; };
		5F6D4E782BE8A2DA004B94F8 /* ToastView.swift */ = {isa = PBXFileReference; lastKnownFileType = sourcecode.swift; path = ToastView.swift; sourceTree = "<group>"; };
		5F6D4E7B2BE8A328004B94F8 /* Toast.swift */ = {isa = PBXFileReference; lastKnownFileType = sourcecode.swift; path = Toast.swift; sourceTree = "<group>"; };
		5F70D5DA2BE7BDC7004509BC /* SmartFileViewModel.swift */ = {isa = PBXFileReference; lastKnownFileType = sourcecode.swift; path = SmartFileViewModel.swift; sourceTree = "<group>"; };
		5F70D5DC2BE7BDE0004509BC /* SmartBatteryViewModel.swift */ = {isa = PBXFileReference; lastKnownFileType = sourcecode.swift; path = SmartBatteryViewModel.swift; sourceTree = "<group>"; };
		5F70D5DE2BE7BE26004509BC /* AppSmartFileService.swift */ = {isa = PBXFileReference; lastKnownFileType = sourcecode.swift; path = AppSmartFileService.swift; sourceTree = "<group>"; };
		5F70D5E12BE7C586004509BC /* CategoryType.swift */ = {isa = PBXFileReference; lastKnownFileType = sourcecode.swift; path = CategoryType.swift; sourceTree = "<group>"; };
		5F70D5EC2BE7D8F4004509BC /* FontSizeType.swift */ = {isa = PBXFileReference; lastKnownFileType = sourcecode.swift; path = FontSizeType.swift; sourceTree = "<group>"; };
		5FCC8B972BF2344400BCCFF3 /* NotificationAlarmView.swift */ = {isa = PBXFileReference; lastKnownFileType = sourcecode.swift; path = NotificationAlarmView.swift; sourceTree = "<group>"; };
		5FCC8B992BF2345300BCCFF3 /* NotificationAlarmViewModel.swift */ = {isa = PBXFileReference; lastKnownFileType = sourcecode.swift; path = NotificationAlarmViewModel.swift; sourceTree = "<group>"; };
		5FD031392BEA5E8D009A8169 /* Int + Extension.swift */ = {isa = PBXFileReference; lastKnownFileType = sourcecode.swift; path = "Int + Extension.swift"; sourceTree = "<group>"; };
		5FEE27C02BE8DB0500847761 /* KeyboardModifierFlag.swift */ = {isa = PBXFileReference; lastKnownFileType = sourcecode.swift; path = KeyboardModifierFlag.swift; sourceTree = "<group>"; };
		5FEE27C22BE8DB1900847761 /* KeyboardCharacter.swift */ = {isa = PBXFileReference; lastKnownFileType = sourcecode.swift; path = KeyboardCharacter.swift; sourceTree = "<group>"; };
		5FEE27C42BE8DC4800847761 /* KeyboardShortCutHandler.swift */ = {isa = PBXFileReference; lastKnownFileType = sourcecode.swift; path = KeyboardShortCutHandler.swift; sourceTree = "<group>"; };
		5FEE27C72BE9015400847761 /* CategoryView.swift */ = {isa = PBXFileReference; lastKnownFileType = sourcecode.swift; path = CategoryView.swift; sourceTree = "<group>"; };
		5FEE27CA2BE9018800847761 /* SmartFileView.swift */ = {isa = PBXFileReference; lastKnownFileType = sourcecode.swift; path = SmartFileView.swift; sourceTree = "<group>"; };
		5FEE27CC2BE901A000847761 /* SmartBatteryView.swift */ = {isa = PBXFileReference; lastKnownFileType = sourcecode.swift; path = SmartBatteryView.swift; sourceTree = "<group>"; };
		5FEE27CE2BE901D900847761 /* ColorSchemeToolbarView.swift */ = {isa = PBXFileReference; lastKnownFileType = sourcecode.swift; path = ColorSchemeToolbarView.swift; sourceTree = "<group>"; };
/* End PBXFileReference section */

/* Begin PBXFrameworksBuildPhase section */
		5F36B2102BE7AB3000E08935 /* Frameworks */ = {
			isa = PBXFrameworksBuildPhase;
			buildActionMask = 2147483647;
			files = (
			);
			runOnlyForDeploymentPostprocessing = 0;
		};
		5F36B2212BE7AB3100E08935 /* Frameworks */ = {
			isa = PBXFrameworksBuildPhase;
			buildActionMask = 2147483647;
			files = (
			);
			runOnlyForDeploymentPostprocessing = 0;
		};
		5F36B22B2BE7AB3100E08935 /* Frameworks */ = {
			isa = PBXFrameworksBuildPhase;
			buildActionMask = 2147483647;
			files = (
			);
			runOnlyForDeploymentPostprocessing = 0;
		};
/* End PBXFrameworksBuildPhase section */

/* Begin PBXGroup section */
		5F1012962BF3825D00589C9B /* Modifier */ = {
			isa = PBXGroup;
			children = (
				5F10129A2BF382B100589C9B /* CustomFont1.swift */,
				5F10129C2BF382D800589C9B /* CustomImage1.swift */,
			);
			path = Modifier;
			sourceTree = "<group>";
		};
		5F1012972BF3826A00589C9B /* View */ = {
			isa = PBXGroup;
			children = (
				5F1012A02BF3832400589C9B /* BatteryBarView.swift */,
				5F1012A72BF3997E00589C9B /* InfoElipseHImageView.swift */,
				5F1012B12BF39EBD00589C9B /* InfoRectangleHImageTextView.swift */,
			);
			path = View;
			sourceTree = "<group>";
		};
		5F1012A22BF3842200589C9B /* Control */ = {
			isa = PBXGroup;
			children = (
				5F1012A52BF3844300589C9B /* CustomImage.swift */,
				5F1012AB2BF399ED00589C9B /* CustomTitle.swift */,
				5F1012AD2BF399F600589C9B /* CustomContent.swift */,
			);
			path = Control;
			sourceTree = "<group>";
		};
		5F36B20A2BE7AB3000E08935 = {
			isa = PBXGroup;
			children = (
				5F36B2152BE7AB3000E08935 /* EZMacker */,
				5F36B2272BE7AB3100E08935 /* EZMackerTests */,
				5F36B2312BE7AB3100E08935 /* EZMackerUITests */,
				5F36B2142BE7AB3000E08935 /* Products */,
			);
			sourceTree = "<group>";
		};
		5F36B2142BE7AB3000E08935 /* Products */ = {
			isa = PBXGroup;
			children = (
				5F36B2132BE7AB3000E08935 /* EZMacker.app */,
				5F36B2242BE7AB3100E08935 /* EZMackerTests.xctest */,
				5F36B22E2BE7AB3100E08935 /* EZMackerUITests.xctest */,
			);
			name = Products;
			sourceTree = "<group>";
		};
		5F36B2152BE7AB3000E08935 /* EZMacker */ = {
			isa = PBXGroup;
			children = (
				5FEE27BD2BE8DA9400847761 /* Configuration */,
				5F6D4E662BE889EC004B94F8 /* Extension */,
				5F6D4E632BE88994004B94F8 /* Util */,
				5F6D4E5B2BE881BD004B94F8 /* Storage */,
				5F36B2472BE7B1A600E08935 /* ViewModel */,
				5F36B2462BE7B19E00E08935 /* View */,
				5F36B2452BE7B19500E08935 /* Service */,
				5F36B2162BE7AB3000E08935 /* EZMackerApp.swift */,
				5F36B2432BE7ACC000E08935 /* MainContentView.swift */,
				5F36B21A2BE7AB3100E08935 /* Assets.xcassets */,
				5F36B21F2BE7AB3100E08935 /* EZMacker.entitlements */,
				5F36B21C2BE7AB3100E08935 /* Preview Content */,
			);
			path = EZMacker;
			sourceTree = "<group>";
		};
		5F36B21C2BE7AB3100E08935 /* Preview Content */ = {
			isa = PBXGroup;
			children = (
				5F36B21D2BE7AB3100E08935 /* Preview Assets.xcassets */,
			);
			path = "Preview Content";
			sourceTree = "<group>";
		};
		5F36B2272BE7AB3100E08935 /* EZMackerTests */ = {
			isa = PBXGroup;
			children = (
				5F36B2282BE7AB3100E08935 /* EZMackerTests.swift */,
			);
			path = EZMackerTests;
			sourceTree = "<group>";
		};
		5F36B2312BE7AB3100E08935 /* EZMackerUITests */ = {
			isa = PBXGroup;
			children = (
				5F36B2322BE7AB3100E08935 /* EZMackerUITests.swift */,
				5F36B2342BE7AB3100E08935 /* EZMackerUITestsLaunchTests.swift */,
			);
			path = EZMackerUITests;
			sourceTree = "<group>";
		};
		5F36B2452BE7B19500E08935 /* Service */ = {
			isa = PBXGroup;
			children = (
				5F36B24C2BE7B25600E08935 /* Enum */,
				5F36B2512BE7B2B800E08935 /* AppSmartBatteryService.swift */,
				5F70D5DE2BE7BE26004509BC /* AppSmartFileService.swift */,
			);
			path = Service;
			sourceTree = "<group>";
		};
		5F36B2462BE7B19E00E08935 /* View */ = {
			isa = PBXGroup;
			children = (
				5FEE27C62BE9012900847761 /* NavigationSplit */,
				5F6D4E712BE8A243004B94F8 /* Toast */,
				5F70D5E32BE7C810004509BC /* Custom */,
				5F70D5E02BE7C576004509BC /* Enum */,
			);
			path = View;
			sourceTree = "<group>";
		};
		5F36B2472BE7B1A600E08935 /* ViewModel */ = {
			isa = PBXGroup;
			children = (
				5F70D5DA2BE7BDC7004509BC /* SmartFileViewModel.swift */,
				5F70D5DC2BE7BDE0004509BC /* SmartBatteryViewModel.swift */,
				5FCC8B992BF2345300BCCFF3 /* NotificationAlarmViewModel.swift */,
			);
			path = ViewModel;
			sourceTree = "<group>";
		};
		5F36B24C2BE7B25600E08935 /* Enum */ = {
			isa = PBXGroup;
			children = (
				5F36B2532BE7B2CB00E08935 /* AppSmartBatteryKeyType.swift */,
				5F2DD1882BED1F5500BCD628 /* AppSmartBatteryPowerSourceType.swift */,
			);
			path = Enum;
			sourceTree = "<group>";
		};
		5F6D4E5B2BE881BD004B94F8 /* Storage */ = {
			isa = PBXGroup;
			children = (
				5F6D4E5D2BE881E3004B94F8 /* AppStroage */,
				5F6D4E5C2BE881D5004B94F8 /* UserDefault */,
			);
			path = Storage;
			sourceTree = "<group>";
		};
		5F6D4E5C2BE881D5004B94F8 /* UserDefault */ = {
			isa = PBXGroup;
			children = (
				5F6D4E612BE888D9004B94F8 /* UserDefaultManager.swift */,
			);
			path = UserDefault;
			sourceTree = "<group>";
		};
		5F6D4E5D2BE881E3004B94F8 /* AppStroage */ = {
			isa = PBXGroup;
			children = (
				5F6D4E5E2BE88209004B94F8 /* Enum */,
			);
			path = AppStroage;
			sourceTree = "<group>";
		};
		5F6D4E5E2BE88209004B94F8 /* Enum */ = {
			isa = PBXGroup;
			children = (
				5F6D4E5F2BE88213004B94F8 /* AppStorageKey.swift */,
			);
			path = Enum;
			sourceTree = "<group>";
		};
		5F6D4E632BE88994004B94F8 /* Util */ = {
			isa = PBXGroup;
			children = (
				5F6D4E642BE889BB004B94F8 /* Logger.swift */,
			);
			path = Util;
			sourceTree = "<group>";
		};
		5F6D4E662BE889EC004B94F8 /* Extension */ = {
			isa = PBXGroup;
			children = (
				5F6D4E672BE88A03004B94F8 /* Date + Extension.swift */,
				5F6D4E722BE8A262004B94F8 /* Extension + View.swift */,
				5FD031392BEA5E8D009A8169 /* Int + Extension.swift */,
			);
			path = Extension;
			sourceTree = "<group>";
		};
		5F6D4E712BE8A243004B94F8 /* Toast */ = {
			isa = PBXGroup;
			children = (
				5F6D4E7A2BE8A312004B94F8 /* Model */,
				5F6D4E742BE8A28A004B94F8 /* Enum */,
				5F6D4E782BE8A2DA004B94F8 /* ToastView.swift */,
			);
			path = Toast;
			sourceTree = "<group>";
		};
		5F6D4E742BE8A28A004B94F8 /* Enum */ = {
			isa = PBXGroup;
			children = (
				5F6D4E752BE8A2A4004B94F8 /* ToastStyle.swift */,
			);
			path = Enum;
			sourceTree = "<group>";
		};
		5F6D4E7A2BE8A312004B94F8 /* Model */ = {
			isa = PBXGroup;
			children = (
				5F6D4E7B2BE8A328004B94F8 /* Toast.swift */,
			);
			path = Model;
			sourceTree = "<group>";
		};
		5F70D5E02BE7C576004509BC /* Enum */ = {
			isa = PBXGroup;
			children = (
				5F70D5E12BE7C586004509BC /* CategoryType.swift */,
				5F70D5EC2BE7D8F4004509BC /* FontSizeType.swift */,
				5F6D4E692BE88AD9004B94F8 /* ToolbarKey.swift */,
				5F6D4E6B2BE88CC6004B94F8 /* ThemeColor.swift */,
				5F6D4E6D2BE88CE1004B94F8 /* ColorSchemeMode.swift */,
			);
			path = Enum;
			sourceTree = "<group>";
		};
		5F70D5E32BE7C810004509BC /* Custom */ = {
			isa = PBXGroup;
			children = (
				5F1012A22BF3842200589C9B /* Control */,
				5F1012972BF3826A00589C9B /* View */,
				5F1012962BF3825D00589C9B /* Modifier */,
			);
			path = Custom;
			sourceTree = "<group>";
		};
		5FEE27BD2BE8DA9400847761 /* Configuration */ = {
			isa = PBXGroup;
			children = (
				5FEE27BE2BE8DA9C00847761 /* KeyboardShortcut */,
			);
			path = Configuration;
			sourceTree = "<group>";
		};
		5FEE27BE2BE8DA9C00847761 /* KeyboardShortcut */ = {
			isa = PBXGroup;
			children = (
				5FEE27BF2BE8DAF200847761 /* Enum */,
				5FEE27C42BE8DC4800847761 /* KeyboardShortCutHandler.swift */,
			);
			path = KeyboardShortcut;
			sourceTree = "<group>";
		};
		5FEE27BF2BE8DAF200847761 /* Enum */ = {
			isa = PBXGroup;
			children = (
				5FEE27C02BE8DB0500847761 /* KeyboardModifierFlag.swift */,
				5FEE27C22BE8DB1900847761 /* KeyboardCharacter.swift */,
			);
			path = Enum;
			sourceTree = "<group>";
		};
		5FEE27C62BE9012900847761 /* NavigationSplit */ = {
			isa = PBXGroup;
			children = (
				5FEE27C92BE9017C00847761 /* Detail */,
				5FEE27C72BE9015400847761 /* CategoryView.swift */,
				5FEE27CE2BE901D900847761 /* ColorSchemeToolbarView.swift */,
			);
			path = NavigationSplit;
			sourceTree = "<group>";
		};
		5FEE27C92BE9017C00847761 /* Detail */ = {
			isa = PBXGroup;
			children = (
				5FEE27CA2BE9018800847761 /* SmartFileView.swift */,
				5FEE27CC2BE901A000847761 /* SmartBatteryView.swift */,
				5FCC8B972BF2344400BCCFF3 /* NotificationAlarmView.swift */,
			);
			path = Detail;
			sourceTree = "<group>";
		};
/* End PBXGroup section */

/* Begin PBXNativeTarget section */
		5F36B2122BE7AB3000E08935 /* EZMacker */ = {
			isa = PBXNativeTarget;
			buildConfigurationList = 5F36B2382BE7AB3100E08935 /* Build configuration list for PBXNativeTarget "EZMacker" */;
			buildPhases = (
				5F36B20F2BE7AB3000E08935 /* Sources */,
				5F36B2102BE7AB3000E08935 /* Frameworks */,
				5F36B2112BE7AB3000E08935 /* Resources */,
			);
			buildRules = (
			);
			dependencies = (
			);
			name = EZMacker;
			productName = EZMacker;
			productReference = 5F36B2132BE7AB3000E08935 /* EZMacker.app */;
			productType = "com.apple.product-type.application";
		};
		5F36B2232BE7AB3100E08935 /* EZMackerTests */ = {
			isa = PBXNativeTarget;
			buildConfigurationList = 5F36B23B2BE7AB3100E08935 /* Build configuration list for PBXNativeTarget "EZMackerTests" */;
			buildPhases = (
				5F36B2202BE7AB3100E08935 /* Sources */,
				5F36B2212BE7AB3100E08935 /* Frameworks */,
				5F36B2222BE7AB3100E08935 /* Resources */,
			);
			buildRules = (
			);
			dependencies = (
				5F36B2262BE7AB3100E08935 /* PBXTargetDependency */,
			);
			name = EZMackerTests;
			productName = EZMackerTests;
			productReference = 5F36B2242BE7AB3100E08935 /* EZMackerTests.xctest */;
			productType = "com.apple.product-type.bundle.unit-test";
		};
		5F36B22D2BE7AB3100E08935 /* EZMackerUITests */ = {
			isa = PBXNativeTarget;
			buildConfigurationList = 5F36B23E2BE7AB3100E08935 /* Build configuration list for PBXNativeTarget "EZMackerUITests" */;
			buildPhases = (
				5F36B22A2BE7AB3100E08935 /* Sources */,
				5F36B22B2BE7AB3100E08935 /* Frameworks */,
				5F36B22C2BE7AB3100E08935 /* Resources */,
			);
			buildRules = (
			);
			dependencies = (
				5F36B2302BE7AB3100E08935 /* PBXTargetDependency */,
			);
			name = EZMackerUITests;
			productName = EZMackerUITests;
			productReference = 5F36B22E2BE7AB3100E08935 /* EZMackerUITests.xctest */;
			productType = "com.apple.product-type.bundle.ui-testing";
		};
/* End PBXNativeTarget section */

/* Begin PBXProject section */
		5F36B20B2BE7AB3000E08935 /* Project object */ = {
			isa = PBXProject;
			attributes = {
				BuildIndependentTargetsInParallel = 1;
				LastSwiftUpdateCheck = 1520;
				LastUpgradeCheck = 1520;
				TargetAttributes = {
					5F36B2122BE7AB3000E08935 = {
						CreatedOnToolsVersion = 15.2;
					};
					5F36B2232BE7AB3100E08935 = {
						CreatedOnToolsVersion = 15.2;
						TestTargetID = 5F36B2122BE7AB3000E08935;
					};
					5F36B22D2BE7AB3100E08935 = {
						CreatedOnToolsVersion = 15.2;
						TestTargetID = 5F36B2122BE7AB3000E08935;
					};
				};
			};
			buildConfigurationList = 5F36B20E2BE7AB3000E08935 /* Build configuration list for PBXProject "EZMacker" */;
			compatibilityVersion = "Xcode 14.0";
			developmentRegion = en;
			hasScannedForEncodings = 0;
			knownRegions = (
				en,
				Base,
			);
			mainGroup = 5F36B20A2BE7AB3000E08935;
			productRefGroup = 5F36B2142BE7AB3000E08935 /* Products */;
			projectDirPath = "";
			projectRoot = "";
			targets = (
				5F36B2122BE7AB3000E08935 /* EZMacker */,
				5F36B2232BE7AB3100E08935 /* EZMackerTests */,
				5F36B22D2BE7AB3100E08935 /* EZMackerUITests */,
			);
		};
/* End PBXProject section */

/* Begin PBXResourcesBuildPhase section */
		5F36B2112BE7AB3000E08935 /* Resources */ = {
			isa = PBXResourcesBuildPhase;
			buildActionMask = 2147483647;
			files = (
				5F36B21E2BE7AB3100E08935 /* Preview Assets.xcassets in Resources */,
				5F36B21B2BE7AB3100E08935 /* Assets.xcassets in Resources */,
			);
			runOnlyForDeploymentPostprocessing = 0;
		};
		5F36B2222BE7AB3100E08935 /* Resources */ = {
			isa = PBXResourcesBuildPhase;
			buildActionMask = 2147483647;
			files = (
			);
			runOnlyForDeploymentPostprocessing = 0;
		};
		5F36B22C2BE7AB3100E08935 /* Resources */ = {
			isa = PBXResourcesBuildPhase;
			buildActionMask = 2147483647;
			files = (
			);
			runOnlyForDeploymentPostprocessing = 0;
		};
/* End PBXResourcesBuildPhase section */

/* Begin PBXSourcesBuildPhase section */
		5F36B20F2BE7AB3000E08935 /* Sources */ = {
			isa = PBXSourcesBuildPhase;
			buildActionMask = 2147483647;
			files = (
				5F6D4E762BE8A2A4004B94F8 /* ToastStyle.swift in Sources */,
				5F10129D2BF382D800589C9B /* CustomImage1.swift in Sources */,
				5F6D4E652BE889BB004B94F8 /* Logger.swift in Sources */,
				5FD0313A2BEA5E8D009A8169 /* Int + Extension.swift in Sources */,
				5F1012AE2BF399F600589C9B /* CustomContent.swift in Sources */,
				5F6D4E682BE88A03004B94F8 /* Date + Extension.swift in Sources */,
				5F6D4E602BE88213004B94F8 /* AppStorageKey.swift in Sources */,
				5F6D4E732BE8A262004B94F8 /* Extension + View.swift in Sources */,
				5F70D5DB2BE7BDC7004509BC /* SmartFileViewModel.swift in Sources */,
				5F70D5ED2BE7D8F4004509BC /* FontSizeType.swift in Sources */,
				5FEE27C52BE8DC4800847761 /* KeyboardShortCutHandler.swift in Sources */,
				5F1012A12BF3832400589C9B /* BatteryBarView.swift in Sources */,
				5F1012B22BF39EBD00589C9B /* InfoRectangleHImageTextView.swift in Sources */,
				5F6D4E622BE888D9004B94F8 /* UserDefaultManager.swift in Sources */,
				5FEE27C12BE8DB0500847761 /* KeyboardModifierFlag.swift in Sources */,
				5F6D4E6E2BE88CE1004B94F8 /* ColorSchemeMode.swift in Sources */,
				5FCC8B9A2BF2345300BCCFF3 /* NotificationAlarmViewModel.swift in Sources */,
				5FEE27CD2BE901A000847761 /* SmartBatteryView.swift in Sources */,
				5FEE27C82BE9015400847761 /* CategoryView.swift in Sources */,
				5F1012A62BF3844300589C9B /* CustomImage.swift in Sources */,
				5F1012AC2BF399ED00589C9B /* CustomTitle.swift in Sources */,
				5FEE27CF2BE901D900847761 /* ColorSchemeToolbarView.swift in Sources */,
				5F2DD1892BED1F5500BCD628 /* AppSmartBatteryPowerSourceType.swift in Sources */,
				5F36B2172BE7AB3000E08935 /* EZMackerApp.swift in Sources */,
				5F36B2542BE7B2CB00E08935 /* AppSmartBatteryKeyType.swift in Sources */,
				5F70D5E22BE7C586004509BC /* CategoryType.swift in Sources */,
				5FEE27C32BE8DB1900847761 /* KeyboardCharacter.swift in Sources */,
				5FEE27CB2BE9018800847761 /* SmartFileView.swift in Sources */,
				5F1012A82BF3997E00589C9B /* InfoElipseHImageView.swift in Sources */,
				5F36B2522BE7B2B800E08935 /* AppSmartBatteryService.swift in Sources */,
				5F6D4E7C2BE8A328004B94F8 /* Toast.swift in Sources */,
				5F70D5DF2BE7BE26004509BC /* AppSmartFileService.swift in Sources */,
				5F70D5DD2BE7BDE0004509BC /* SmartBatteryViewModel.swift in Sources */,
				5F6D4E6C2BE88CC6004B94F8 /* ThemeColor.swift in Sources */,
				5F6D4E792BE8A2DA004B94F8 /* ToastView.swift in Sources */,
				5F36B2442BE7ACC000E08935 /* MainContentView.swift in Sources */,
				5FCC8B982BF2344400BCCFF3 /* NotificationAlarmView.swift in Sources */,
				5F6D4E6A2BE88AD9004B94F8 /* ToolbarKey.swift in Sources */,
				5F10129B2BF382B100589C9B /* CustomFont1.swift in Sources */,
			);
			runOnlyForDeploymentPostprocessing = 0;
		};
		5F36B2202BE7AB3100E08935 /* Sources */ = {
			isa = PBXSourcesBuildPhase;
			buildActionMask = 2147483647;
			files = (
				5F36B2292BE7AB3100E08935 /* EZMackerTests.swift in Sources */,
			);
			runOnlyForDeploymentPostprocessing = 0;
		};
		5F36B22A2BE7AB3100E08935 /* Sources */ = {
			isa = PBXSourcesBuildPhase;
			buildActionMask = 2147483647;
			files = (
				5F36B2352BE7AB3100E08935 /* EZMackerUITestsLaunchTests.swift in Sources */,
				5F36B2332BE7AB3100E08935 /* EZMackerUITests.swift in Sources */,
			);
			runOnlyForDeploymentPostprocessing = 0;
		};
/* End PBXSourcesBuildPhase section */

/* Begin PBXTargetDependency section */
		5F36B2262BE7AB3100E08935 /* PBXTargetDependency */ = {
			isa = PBXTargetDependency;
			target = 5F36B2122BE7AB3000E08935 /* EZMacker */;
			targetProxy = 5F36B2252BE7AB3100E08935 /* PBXContainerItemProxy */;
		};
		5F36B2302BE7AB3100E08935 /* PBXTargetDependency */ = {
			isa = PBXTargetDependency;
			target = 5F36B2122BE7AB3000E08935 /* EZMacker */;
			targetProxy = 5F36B22F2BE7AB3100E08935 /* PBXContainerItemProxy */;
		};
/* End PBXTargetDependency section */

/* Begin XCBuildConfiguration section */
		5F36B2362BE7AB3100E08935 /* Debug */ = {
			isa = XCBuildConfiguration;
			buildSettings = {
				ALWAYS_SEARCH_USER_PATHS = NO;
				ASSETCATALOG_COMPILER_GENERATE_SWIFT_ASSET_SYMBOL_EXTENSIONS = YES;
				CLANG_ANALYZER_NONNULL = YES;
				CLANG_ANALYZER_NUMBER_OBJECT_CONVERSION = YES_AGGRESSIVE;
				CLANG_CXX_LANGUAGE_STANDARD = "gnu++20";
				CLANG_ENABLE_MODULES = YES;
				CLANG_ENABLE_OBJC_ARC = YES;
				CLANG_ENABLE_OBJC_WEAK = YES;
				CLANG_WARN_BLOCK_CAPTURE_AUTORELEASING = YES;
				CLANG_WARN_BOOL_CONVERSION = YES;
				CLANG_WARN_COMMA = YES;
				CLANG_WARN_CONSTANT_CONVERSION = YES;
				CLANG_WARN_DEPRECATED_OBJC_IMPLEMENTATIONS = YES;
				CLANG_WARN_DIRECT_OBJC_ISA_USAGE = YES_ERROR;
				CLANG_WARN_DOCUMENTATION_COMMENTS = YES;
				CLANG_WARN_EMPTY_BODY = YES;
				CLANG_WARN_ENUM_CONVERSION = YES;
				CLANG_WARN_INFINITE_RECURSION = YES;
				CLANG_WARN_INT_CONVERSION = YES;
				CLANG_WARN_NON_LITERAL_NULL_CONVERSION = YES;
				CLANG_WARN_OBJC_IMPLICIT_RETAIN_SELF = YES;
				CLANG_WARN_OBJC_LITERAL_CONVERSION = YES;
				CLANG_WARN_OBJC_ROOT_CLASS = YES_ERROR;
				CLANG_WARN_QUOTED_INCLUDE_IN_FRAMEWORK_HEADER = YES;
				CLANG_WARN_RANGE_LOOP_ANALYSIS = YES;
				CLANG_WARN_STRICT_PROTOTYPES = YES;
				CLANG_WARN_SUSPICIOUS_MOVE = YES;
				CLANG_WARN_UNGUARDED_AVAILABILITY = YES_AGGRESSIVE;
				CLANG_WARN_UNREACHABLE_CODE = YES;
				CLANG_WARN__DUPLICATE_METHOD_MATCH = YES;
				COPY_PHASE_STRIP = NO;
				DEBUG_INFORMATION_FORMAT = dwarf;
				ENABLE_STRICT_OBJC_MSGSEND = YES;
				ENABLE_TESTABILITY = YES;
				ENABLE_USER_SCRIPT_SANDBOXING = YES;
				GCC_C_LANGUAGE_STANDARD = gnu17;
				GCC_DYNAMIC_NO_PIC = NO;
				GCC_NO_COMMON_BLOCKS = YES;
				GCC_OPTIMIZATION_LEVEL = 0;
				GCC_PREPROCESSOR_DEFINITIONS = (
					"DEBUG=1",
					"$(inherited)",
				);
				GCC_WARN_64_TO_32_BIT_CONVERSION = YES;
				GCC_WARN_ABOUT_RETURN_TYPE = YES_ERROR;
				GCC_WARN_UNDECLARED_SELECTOR = YES;
				GCC_WARN_UNINITIALIZED_AUTOS = YES_AGGRESSIVE;
				GCC_WARN_UNUSED_FUNCTION = YES;
				GCC_WARN_UNUSED_VARIABLE = YES;
				LOCALIZATION_PREFERS_STRING_CATALOGS = YES;
				MACOSX_DEPLOYMENT_TARGET = 14.2;
				MTL_ENABLE_DEBUG_INFO = INCLUDE_SOURCE;
				MTL_FAST_MATH = YES;
				ONLY_ACTIVE_ARCH = YES;
				SDKROOT = macosx;
				SWIFT_ACTIVE_COMPILATION_CONDITIONS = "DEBUG $(inherited)";
				SWIFT_OPTIMIZATION_LEVEL = "-Onone";
			};
			name = Debug;
		};
		5F36B2372BE7AB3100E08935 /* Release */ = {
			isa = XCBuildConfiguration;
			buildSettings = {
				ALWAYS_SEARCH_USER_PATHS = NO;
				ASSETCATALOG_COMPILER_GENERATE_SWIFT_ASSET_SYMBOL_EXTENSIONS = YES;
				CLANG_ANALYZER_NONNULL = YES;
				CLANG_ANALYZER_NUMBER_OBJECT_CONVERSION = YES_AGGRESSIVE;
				CLANG_CXX_LANGUAGE_STANDARD = "gnu++20";
				CLANG_ENABLE_MODULES = YES;
				CLANG_ENABLE_OBJC_ARC = YES;
				CLANG_ENABLE_OBJC_WEAK = YES;
				CLANG_WARN_BLOCK_CAPTURE_AUTORELEASING = YES;
				CLANG_WARN_BOOL_CONVERSION = YES;
				CLANG_WARN_COMMA = YES;
				CLANG_WARN_CONSTANT_CONVERSION = YES;
				CLANG_WARN_DEPRECATED_OBJC_IMPLEMENTATIONS = YES;
				CLANG_WARN_DIRECT_OBJC_ISA_USAGE = YES_ERROR;
				CLANG_WARN_DOCUMENTATION_COMMENTS = YES;
				CLANG_WARN_EMPTY_BODY = YES;
				CLANG_WARN_ENUM_CONVERSION = YES;
				CLANG_WARN_INFINITE_RECURSION = YES;
				CLANG_WARN_INT_CONVERSION = YES;
				CLANG_WARN_NON_LITERAL_NULL_CONVERSION = YES;
				CLANG_WARN_OBJC_IMPLICIT_RETAIN_SELF = YES;
				CLANG_WARN_OBJC_LITERAL_CONVERSION = YES;
				CLANG_WARN_OBJC_ROOT_CLASS = YES_ERROR;
				CLANG_WARN_QUOTED_INCLUDE_IN_FRAMEWORK_HEADER = YES;
				CLANG_WARN_RANGE_LOOP_ANALYSIS = YES;
				CLANG_WARN_STRICT_PROTOTYPES = YES;
				CLANG_WARN_SUSPICIOUS_MOVE = YES;
				CLANG_WARN_UNGUARDED_AVAILABILITY = YES_AGGRESSIVE;
				CLANG_WARN_UNREACHABLE_CODE = YES;
				CLANG_WARN__DUPLICATE_METHOD_MATCH = YES;
				COPY_PHASE_STRIP = NO;
				DEBUG_INFORMATION_FORMAT = "dwarf-with-dsym";
				ENABLE_NS_ASSERTIONS = NO;
				ENABLE_STRICT_OBJC_MSGSEND = YES;
				ENABLE_USER_SCRIPT_SANDBOXING = YES;
				GCC_C_LANGUAGE_STANDARD = gnu17;
				GCC_NO_COMMON_BLOCKS = YES;
				GCC_WARN_64_TO_32_BIT_CONVERSION = YES;
				GCC_WARN_ABOUT_RETURN_TYPE = YES_ERROR;
				GCC_WARN_UNDECLARED_SELECTOR = YES;
				GCC_WARN_UNINITIALIZED_AUTOS = YES_AGGRESSIVE;
				GCC_WARN_UNUSED_FUNCTION = YES;
				GCC_WARN_UNUSED_VARIABLE = YES;
				LOCALIZATION_PREFERS_STRING_CATALOGS = YES;
				MACOSX_DEPLOYMENT_TARGET = 14.2;
				MTL_ENABLE_DEBUG_INFO = NO;
				MTL_FAST_MATH = YES;
				SDKROOT = macosx;
				SWIFT_COMPILATION_MODE = wholemodule;
			};
			name = Release;
		};
		5F36B2392BE7AB3100E08935 /* Debug */ = {
			isa = XCBuildConfiguration;
			buildSettings = {
				ASSETCATALOG_COMPILER_APPICON_NAME = AppIcon;
				ASSETCATALOG_COMPILER_GLOBAL_ACCENT_COLOR_NAME = AccentColor;
				CODE_SIGN_ENTITLEMENTS = EZMacker/EZMacker.entitlements;
				CODE_SIGN_IDENTITY = "Apple Development";
				"CODE_SIGN_IDENTITY[sdk=macosx*]" = "Apple Development";
				CODE_SIGN_STYLE = Automatic;
				COMBINE_HIDPI_IMAGES = YES;
				CURRENT_PROJECT_VERSION = 1;
				DEVELOPMENT_ASSET_PATHS = "\"EZMacker/Preview Content\"";
				DEVELOPMENT_TEAM = C9QJLU3JB2;
				ENABLE_HARDENED_RUNTIME = YES;
				ENABLE_PREVIEWS = YES;
				GENERATE_INFOPLIST_FILE = YES;
				INFOPLIST_KEY_LSApplicationCategoryType = "public.app-category.utilities";
				INFOPLIST_KEY_NSHumanReadableCopyright = "";
				LD_RUNPATH_SEARCH_PATHS = (
					"$(inherited)",
					"@executable_path/../Frameworks",
				);
				MARKETING_VERSION = 1.0;
				PRODUCT_BUNDLE_IDENTIFIER = "-.EZMacker";
				PRODUCT_NAME = "$(TARGET_NAME)";
				PROVISIONING_PROFILE_SPECIFIER = "";
				SWIFT_EMIT_LOC_STRINGS = YES;
				SWIFT_VERSION = 5.0;
			};
			name = Debug;
		};
		5F36B23A2BE7AB3100E08935 /* Release */ = {
			isa = XCBuildConfiguration;
			buildSettings = {
				ASSETCATALOG_COMPILER_APPICON_NAME = AppIcon;
				ASSETCATALOG_COMPILER_GLOBAL_ACCENT_COLOR_NAME = AccentColor;
				CODE_SIGN_ENTITLEMENTS = EZMacker/EZMacker.entitlements;
				CODE_SIGN_IDENTITY = "Apple Development";
				"CODE_SIGN_IDENTITY[sdk=macosx*]" = "Apple Development";
				CODE_SIGN_STYLE = Automatic;
				COMBINE_HIDPI_IMAGES = YES;
				CURRENT_PROJECT_VERSION = 1;
				DEVELOPMENT_ASSET_PATHS = "\"EZMacker/Preview Content\"";
				DEVELOPMENT_TEAM = C9QJLU3JB2;
				ENABLE_HARDENED_RUNTIME = YES;
				ENABLE_PREVIEWS = YES;
				GENERATE_INFOPLIST_FILE = YES;
				INFOPLIST_KEY_LSApplicationCategoryType = "public.app-category.utilities";
				INFOPLIST_KEY_NSHumanReadableCopyright = "";
				LD_RUNPATH_SEARCH_PATHS = (
					"$(inherited)",
					"@executable_path/../Frameworks",
				);
				MARKETING_VERSION = 1.0;
				PRODUCT_BUNDLE_IDENTIFIER = "-.EZMacker";
				PRODUCT_NAME = "$(TARGET_NAME)";
				PROVISIONING_PROFILE_SPECIFIER = "";
				SWIFT_EMIT_LOC_STRINGS = YES;
				SWIFT_VERSION = 5.0;
			};
			name = Release;
		};
		5F36B23C2BE7AB3100E08935 /* Debug */ = {
			isa = XCBuildConfiguration;
			buildSettings = {
				ALWAYS_EMBED_SWIFT_STANDARD_LIBRARIES = YES;
				CODE_SIGN_STYLE = Automatic;
				CURRENT_PROJECT_VERSION = 1;
				DEVELOPMENT_TEAM = C9QJLU3JB2;
				GENERATE_INFOPLIST_FILE = YES;
				MACOSX_DEPLOYMENT_TARGET = 14.2;
				MARKETING_VERSION = 1.0;
				PRODUCT_BUNDLE_IDENTIFIER = "-.EZMackerTests";
				PRODUCT_NAME = "$(TARGET_NAME)";
				SWIFT_EMIT_LOC_STRINGS = NO;
				SWIFT_VERSION = 5.0;
				TEST_HOST = "$(BUILT_PRODUCTS_DIR)/EZMacker.app/$(BUNDLE_EXECUTABLE_FOLDER_PATH)/EZMacker";
			};
			name = Debug;
		};
		5F36B23D2BE7AB3100E08935 /* Release */ = {
			isa = XCBuildConfiguration;
			buildSettings = {
				ALWAYS_EMBED_SWIFT_STANDARD_LIBRARIES = YES;
				CODE_SIGN_STYLE = Automatic;
				CURRENT_PROJECT_VERSION = 1;
				DEVELOPMENT_TEAM = C9QJLU3JB2;
				GENERATE_INFOPLIST_FILE = YES;
				MACOSX_DEPLOYMENT_TARGET = 14.2;
				MARKETING_VERSION = 1.0;
				PRODUCT_BUNDLE_IDENTIFIER = "-.EZMackerTests";
				PRODUCT_NAME = "$(TARGET_NAME)";
				SWIFT_EMIT_LOC_STRINGS = NO;
				SWIFT_VERSION = 5.0;
				TEST_HOST = "$(BUILT_PRODUCTS_DIR)/EZMacker.app/$(BUNDLE_EXECUTABLE_FOLDER_PATH)/EZMacker";
			};
			name = Release;
		};
		5F36B23F2BE7AB3100E08935 /* Debug */ = {
			isa = XCBuildConfiguration;
			buildSettings = {
				ALWAYS_EMBED_SWIFT_STANDARD_LIBRARIES = YES;
				CODE_SIGN_STYLE = Automatic;
				CURRENT_PROJECT_VERSION = 1;
				DEVELOPMENT_TEAM = C9QJLU3JB2;
				GENERATE_INFOPLIST_FILE = YES;
				MARKETING_VERSION = 1.0;
				PRODUCT_BUNDLE_IDENTIFIER = "-.EZMackerUITests";
				PRODUCT_NAME = "$(TARGET_NAME)";
				SWIFT_EMIT_LOC_STRINGS = NO;
				SWIFT_VERSION = 5.0;
				TEST_TARGET_NAME = EZMacker;
			};
			name = Debug;
		};
		5F36B2402BE7AB3100E08935 /* Release */ = {
			isa = XCBuildConfiguration;
			buildSettings = {
				ALWAYS_EMBED_SWIFT_STANDARD_LIBRARIES = YES;
				CODE_SIGN_STYLE = Automatic;
				CURRENT_PROJECT_VERSION = 1;
				DEVELOPMENT_TEAM = C9QJLU3JB2;
				GENERATE_INFOPLIST_FILE = YES;
				MARKETING_VERSION = 1.0;
				PRODUCT_BUNDLE_IDENTIFIER = "-.EZMackerUITests";
				PRODUCT_NAME = "$(TARGET_NAME)";
				SWIFT_EMIT_LOC_STRINGS = NO;
				SWIFT_VERSION = 5.0;
				TEST_TARGET_NAME = EZMacker;
			};
			name = Release;
		};
/* End XCBuildConfiguration section */

/* Begin XCConfigurationList section */
		5F36B20E2BE7AB3000E08935 /* Build configuration list for PBXProject "EZMacker" */ = {
			isa = XCConfigurationList;
			buildConfigurations = (
				5F36B2362BE7AB3100E08935 /* Debug */,
				5F36B2372BE7AB3100E08935 /* Release */,
			);
			defaultConfigurationIsVisible = 0;
			defaultConfigurationName = Release;
		};
		5F36B2382BE7AB3100E08935 /* Build configuration list for PBXNativeTarget "EZMacker" */ = {
			isa = XCConfigurationList;
			buildConfigurations = (
				5F36B2392BE7AB3100E08935 /* Debug */,
				5F36B23A2BE7AB3100E08935 /* Release */,
			);
			defaultConfigurationIsVisible = 0;
			defaultConfigurationName = Release;
		};
		5F36B23B2BE7AB3100E08935 /* Build configuration list for PBXNativeTarget "EZMackerTests" */ = {
			isa = XCConfigurationList;
			buildConfigurations = (
				5F36B23C2BE7AB3100E08935 /* Debug */,
				5F36B23D2BE7AB3100E08935 /* Release */,
			);
			defaultConfigurationIsVisible = 0;
			defaultConfigurationName = Release;
		};
		5F36B23E2BE7AB3100E08935 /* Build configuration list for PBXNativeTarget "EZMackerUITests" */ = {
			isa = XCConfigurationList;
			buildConfigurations = (
				5F36B23F2BE7AB3100E08935 /* Debug */,
				5F36B2402BE7AB3100E08935 /* Release */,
			);
			defaultConfigurationIsVisible = 0;
			defaultConfigurationName = Release;
		};
/* End XCConfigurationList section */
	};
	rootObject = 5F36B20B2BE7AB3000E08935 /* Project object */;
}
