// !$*UTF8*$!
{
	archiveVersion = 1;
	classes = {
	};
	objectVersion = 56;
	objects = {

/* Begin PBXBuildFile section */
		5F027B262C82D55900DF929B /* BatteryConditionData.swift in Sources */ = {isa = PBXBuildFile; fileRef = 5F027B252C82D55900DF929B /* BatteryConditionData.swift */; };
		5F027B282C82E18500DF929B /* BatteryMetricsData.swift in Sources */ = {isa = PBXBuildFile; fileRef = 5F027B272C82E18500DF929B /* BatteryMetricsData.swift */; };
		5F027B2A2C82E7BF00DF929B /* AdapterMetricsData.swift in Sources */ = {isa = PBXBuildFile; fileRef = 5F027B292C82E7BF00DF929B /* AdapterMetricsData.swift */; };
		5F027B2C2C82EC3900DF929B /* SmartBatteryView.swift in Sources */ = {isa = PBXBuildFile; fileRef = 5F027B2B2C82EC3900DF929B /* SmartBatteryView.swift */; };
		5F0F96732C6B67B800A70564 /* EZTextFieldWrapperStyle.swift in Sources */ = {isa = PBXBuildFile; fileRef = 5F0F96722C6B67B800A70564 /* EZTextFieldWrapperStyle.swift */; };
		5F1012A62BF3844300589C9B /* EZImage.swift in Sources */ = {isa = PBXBuildFile; fileRef = 5F1012A52BF3844300589C9B /* EZImage.swift */; };
		5F1012AC2BF399ED00589C9B /* EZTitle.swift in Sources */ = {isa = PBXBuildFile; fileRef = 5F1012AB2BF399ED00589C9B /* EZTitle.swift */; };
		5F1012AE2BF399F600589C9B /* EZContent.swift in Sources */ = {isa = PBXBuildFile; fileRef = 5F1012AD2BF399F600589C9B /* EZContent.swift */; };
		5F1012B22BF39EBD00589C9B /* EZBatteryInfoView.swift in Sources */ = {isa = PBXBuildFile; fileRef = 5F1012B12BF39EBD00589C9B /* EZBatteryInfoView.swift */; };
		5F16A7DC2C358F07003EA0BE /* FileQueryData.swift in Sources */ = {isa = PBXBuildFile; fileRef = 5F16A7DB2C358F07003EA0BE /* FileQueryData.swift */; };
		5F1A91B12BF8E48F0078F4F8 /* battery_charging_animation.gif in Resources */ = {isa = PBXBuildFile; fileRef = 5F1A91B02BF8E48F0078F4F8 /* battery_charging_animation.gif */; };
		5F3604162C38214A00C1B84B /* SmartFileLocatorViewModel.swift in Sources */ = {isa = PBXBuildFile; fileRef = 5F3604152C38214A00C1B84B /* SmartFileLocatorViewModel.swift */; };
		5F3604182C38230400C1B84B /* SmartFileLocatorView.swift in Sources */ = {isa = PBXBuildFile; fileRef = 5F3604172C38230400C1B84B /* SmartFileLocatorView.swift */; };
		5F36041A2C38259400C1B84B /* SmartFileSearchView.swift in Sources */ = {isa = PBXBuildFile; fileRef = 5F3604192C38259400C1B84B /* SmartFileSearchView.swift */; };
		5F36041C2C3825B500C1B84B /* SmartFileSearchViewModel.swift in Sources */ = {isa = PBXBuildFile; fileRef = 5F36041B2C3825B500C1B84B /* SmartFileSearchViewModel.swift */; };
		5F36B2172BE7AB3000E08935 /* EZMackerApp.swift in Sources */ = {isa = PBXBuildFile; fileRef = 5F36B2162BE7AB3000E08935 /* EZMackerApp.swift */; };
		5F36B21B2BE7AB3100E08935 /* Assets.xcassets in Resources */ = {isa = PBXBuildFile; fileRef = 5F36B21A2BE7AB3100E08935 /* Assets.xcassets */; };
		5F36B21E2BE7AB3100E08935 /* Preview Assets.xcassets in Resources */ = {isa = PBXBuildFile; fileRef = 5F36B21D2BE7AB3100E08935 /* Preview Assets.xcassets */; };
		5F36B2292BE7AB3100E08935 /* EZMackerTests.swift in Sources */ = {isa = PBXBuildFile; fileRef = 5F36B2282BE7AB3100E08935 /* EZMackerTests.swift */; };
		5F36B2332BE7AB3100E08935 /* EZMackerUITests.swift in Sources */ = {isa = PBXBuildFile; fileRef = 5F36B2322BE7AB3100E08935 /* EZMackerUITests.swift */; };
		5F36B2352BE7AB3100E08935 /* EZMackerUITestsLaunchTests.swift in Sources */ = {isa = PBXBuildFile; fileRef = 5F36B2342BE7AB3100E08935 /* EZMackerUITestsLaunchTests.swift */; };
		5F36B2442BE7ACC000E08935 /* MainContentView.swift in Sources */ = {isa = PBXBuildFile; fileRef = 5F36B2432BE7ACC000E08935 /* MainContentView.swift */; };
		5F36C0892C17ECE00031C0E3 /* AlertTextFieldView.swift in Sources */ = {isa = PBXBuildFile; fileRef = 5F36C0882C17ECE00031C0E3 /* AlertTextFieldView.swift */; };
		5F3A519A2C71C2D0000B2C2F /* FileManager + Extension.swift in Sources */ = {isa = PBXBuildFile; fileRef = 5F3A51992C71C2D0000B2C2F /* FileManager + Extension.swift */; };
		5F3CB4582C7052C0007A479D /* BatterySetting.swift in Sources */ = {isa = PBXBuildFile; fileRef = 5F3CB4572C7052C0007A479D /* BatterySetting.swift */; };
		5F3CB45A2C7052D3007A479D /* WifiSetting.swift in Sources */ = {isa = PBXBuildFile; fileRef = 5F3CB4592C7052D3007A479D /* WifiSetting.swift */; };
		5F3CB45C2C7052DE007A479D /* FileLocatorSetting.swift in Sources */ = {isa = PBXBuildFile; fileRef = 5F3CB45B2C7052DE007A479D /* FileLocatorSetting.swift */; };
		5F3DBE132C04BC8800B5C0DE /* View + Extension.swift in Sources */ = {isa = PBXBuildFile; fileRef = 5F3DBE122C04BC8800B5C0DE /* View + Extension.swift */; };
		5F3FF0302C02BE9800E3246C /* ChargeData.swift in Sources */ = {isa = PBXBuildFile; fileRef = 5F3FF02F2C02BE9800E3246C /* ChargeData.swift */; };
		5F3FF0322C02C6AE00E3246C /* EZBatteryBarView.swift in Sources */ = {isa = PBXBuildFile; fileRef = 5F3FF0312C02C6AE00E3246C /* EZBatteryBarView.swift */; };
		5F3FF0342C02EE8600E3246C /* ColorSchemeViewModel.swift in Sources */ = {isa = PBXBuildFile; fileRef = 5F3FF0332C02EE8600E3246C /* ColorSchemeViewModel.swift */; };
		5F3FF03D2C03384100E3246C /* AppNotificationCenter.swift in Sources */ = {isa = PBXBuildFile; fileRef = 5F3FF03C2C03384100E3246C /* AppNotificationCenter.swift */; };
		5F3FF03F2C03392000E3246C /* AppAlertManager.swift in Sources */ = {isa = PBXBuildFile; fileRef = 5F3FF03E2C03392000E3246C /* AppAlertManager.swift */; };
		5F4196792C6C57530019A65F /* battery_connect_animation.gif in Resources */ = {isa = PBXBuildFile; fileRef = 5F4196782C6C57530019A65F /* battery_connect_animation.gif */; };
		5F4589992C0C56FA008FCD41 /* EZWifiChannelView.swift in Sources */ = {isa = PBXBuildFile; fileRef = 5F4589982C0C56FA008FCD41 /* EZWifiChannelView.swift */; };
		5F485A012C69ABDF00B32585 /* EZListViewStyle.swift in Sources */ = {isa = PBXBuildFile; fileRef = 5F485A002C69ABDF00B32585 /* EZListViewStyle.swift */; };
		5F485A032C69ACB100B32585 /* EZNormalTextStyle.swift in Sources */ = {isa = PBXBuildFile; fileRef = 5F485A022C69ACB100B32585 /* EZNormalTextStyle.swift */; };
		5F485A052C69ACCB00B32585 /* EZNormalImageStyle.swift in Sources */ = {isa = PBXBuildFile; fileRef = 5F485A042C69ACCB00B32585 /* EZNormalImageStyle.swift */; };
		5F485A072C69ACEA00B32585 /* EZBackgroundColorStyle.swift in Sources */ = {isa = PBXBuildFile; fileRef = 5F485A062C69ACEA00B32585 /* EZBackgroundColorStyle.swift */; };
		5F485A092C69AD7D00B32585 /* EZTextFieldStyle.swift in Sources */ = {isa = PBXBuildFile; fileRef = 5F485A082C69AD7D00B32585 /* EZTextFieldStyle.swift */; };
		5F485A0B2C69AE8C00B32585 /* EZListRowStyle.swift in Sources */ = {isa = PBXBuildFile; fileRef = 5F485A0A2C69AE8C00B32585 /* EZListRowStyle.swift */; };
		5F485A0D2C69AF7C00B32585 /* EZButtonStyle.swift in Sources */ = {isa = PBXBuildFile; fileRef = 5F485A0C2C69AF7C00B32585 /* EZButtonStyle.swift */; };
		5F5E23462C6A2E2200CD329F /* EZTabbarButtonStyle.swift in Sources */ = {isa = PBXBuildFile; fileRef = 5F5E23452C6A2E2200CD329F /* EZTabbarButtonStyle.swift */; };
		5F5E234A2C6A469600CD329F /* EZTabbarBackgroundStyle.swift in Sources */ = {isa = PBXBuildFile; fileRef = 5F5E23492C6A469600CD329F /* EZTabbarBackgroundStyle.swift */; };
		5F5E234C2C6A483A00CD329F /* EZTabbarGridStyle.swift in Sources */ = {isa = PBXBuildFile; fileRef = 5F5E234B2C6A483A00CD329F /* EZTabbarGridStyle.swift */; };
		5F60FC8C2C8C05BE001A4D41 /* MacModelIdentifier.swift in Sources */ = {isa = PBXBuildFile; fileRef = 5F60FC8B2C8C05BE001A4D41 /* MacModelIdentifier.swift */; };
		5F69D28B2C0DDA9D00F318ED /* EZWifiDetailView.swift in Sources */ = {isa = PBXBuildFile; fileRef = 5F69D28A2C0DDA9D00F318ED /* EZWifiDetailView.swift */; };
		5F69D2902C0DECE900F318ED /* AdapterConnect.swift in Sources */ = {isa = PBXBuildFile; fileRef = 5F69D28F2C0DECE900F318ED /* AdapterConnect.swift */; };
		5F69D2922C0DED4800F318ED /* AdapterData.swift in Sources */ = {isa = PBXBuildFile; fileRef = 5F69D2912C0DED4800F318ED /* AdapterData.swift */; };
		5F69D2942C0DEDA100F318ED /* ScanningWifiData.swift in Sources */ = {isa = PBXBuildFile; fileRef = 5F69D2932C0DEDA100F318ED /* ScanningWifiData.swift */; };
		5F6D4E602BE88213004B94F8 /* AppStorageKey.swift in Sources */ = {isa = PBXBuildFile; fileRef = 5F6D4E5F2BE88213004B94F8 /* AppStorageKey.swift */; };
		5F6D4E6A2BE88AD9004B94F8 /* ToolbarKeyType.swift in Sources */ = {isa = PBXBuildFile; fileRef = 5F6D4E692BE88AD9004B94F8 /* ToolbarKeyType.swift */; };
		5F6D4E6C2BE88CC6004B94F8 /* ThemeColorType.swift in Sources */ = {isa = PBXBuildFile; fileRef = 5F6D4E6B2BE88CC6004B94F8 /* ThemeColorType.swift */; };
		5F6D4E6E2BE88CE1004B94F8 /* ColorSchemeModeType.swift in Sources */ = {isa = PBXBuildFile; fileRef = 5F6D4E6D2BE88CE1004B94F8 /* ColorSchemeModeType.swift */; };
		5F6D4E762BE8A2A4004B94F8 /* ToastType.swift in Sources */ = {isa = PBXBuildFile; fileRef = 5F6D4E752BE8A2A4004B94F8 /* ToastType.swift */; };
		5F6D4E792BE8A2DA004B94F8 /* ToastView.swift in Sources */ = {isa = PBXBuildFile; fileRef = 5F6D4E782BE8A2DA004B94F8 /* ToastView.swift */; };
		5F6D4E7C2BE8A328004B94F8 /* ToastData.swift in Sources */ = {isa = PBXBuildFile; fileRef = 5F6D4E7B2BE8A328004B94F8 /* ToastData.swift */; };
		5F70D5DD2BE7BDE0004509BC /* SmartBatteryViewModel.swift in Sources */ = {isa = PBXBuildFile; fileRef = 5F70D5DC2BE7BDE0004509BC /* SmartBatteryViewModel.swift */; };
		5F70D5E22BE7C586004509BC /* CategoryType.swift in Sources */ = {isa = PBXBuildFile; fileRef = 5F70D5E12BE7C586004509BC /* CategoryType.swift */; };
		5F70D5ED2BE7D8F4004509BC /* FontSizeType.swift in Sources */ = {isa = PBXBuildFile; fileRef = 5F70D5EC2BE7D8F4004509BC /* FontSizeType.swift */; };
		5F72B7C82C42357B0060DEA0 /* FileTabData.swift in Sources */ = {isa = PBXBuildFile; fileRef = 5F72B7C72C42357B0060DEA0 /* FileTabData.swift */; };
		5F78156B2C69DF9F00DE5F39 /* EZInnerBackgroundStyle.swift in Sources */ = {isa = PBXBuildFile; fileRef = 5F78156A2C69DF9F00DE5F39 /* EZInnerBackgroundStyle.swift */; };
		5F7E0B652C7077D9000C8C97 /* EZBatteryMonitoringView.swift in Sources */ = {isa = PBXBuildFile; fileRef = 5F7E0B642C7077D9000C8C97 /* EZBatteryMonitoringView.swift */; };
		5F7E0B672C707844000C8C97 /* EZWifiMainView.swift in Sources */ = {isa = PBXBuildFile; fileRef = 5F7E0B662C707844000C8C97 /* EZWifiMainView.swift */; };
		5F7E0B692C70789B000C8C97 /* EZWifiStrengthView.swift in Sources */ = {isa = PBXBuildFile; fileRef = 5F7E0B682C70789B000C8C97 /* EZWifiStrengthView.swift */; };
		5F7E0B6B2C70790F000C8C97 /* EZBatteryAdapterView.swift in Sources */ = {isa = PBXBuildFile; fileRef = 5F7E0B6A2C70790F000C8C97 /* EZBatteryAdapterView.swift */; };
		5F7E0B742C709CB6000C8C97 /* AppEnviroment.swift in Sources */ = {isa = PBXBuildFile; fileRef = 5F7E0B732C709CB6000C8C97 /* AppEnviroment.swift */; };
		5F7E0B772C709CC9000C8C97 /* EnviromentKey.swift in Sources */ = {isa = PBXBuildFile; fileRef = 5F7E0B762C709CC9000C8C97 /* EnviromentKey.swift */; };
		5F97C3762BF9D25000B0DC56 /* SettingPreference.swift in Sources */ = {isa = PBXBuildFile; fileRef = 5F97C3752BF9D25000B0DC56 /* SettingPreference.swift */; };
		5F97C3782BF9DAFE00B0DC56 /* SystemPreferenceService.swift in Sources */ = {isa = PBXBuildFile; fileRef = 5F97C3772BF9DAFE00B0DC56 /* SystemPreferenceService.swift */; };
		5F97C3822BFA132E00B0DC56 /* SmartWifiView.swift in Sources */ = {isa = PBXBuildFile; fileRef = 5F97C3812BFA132E00B0DC56 /* SmartWifiView.swift */; };
		5F97C3842BFA133A00B0DC56 /* SmartWifiViewModel.swift in Sources */ = {isa = PBXBuildFile; fileRef = 5F97C3832BFA133A00B0DC56 /* SmartWifiViewModel.swift */; };
		5F9999AC2C1DEE9600D38D59 /* BestSSIDShowMode.swift in Sources */ = {isa = PBXBuildFile; fileRef = 5F9999AB2C1DEE9600D38D59 /* BestSSIDShowMode.swift */; };
		5F9999B02C1DF0E000D38D59 /* AppUsageExit.swift in Sources */ = {isa = PBXBuildFile; fileRef = 5F9999AF2C1DF0E000D38D59 /* AppUsageExit.swift */; };
		5F9DAB412C797CCD000563A2 /* .swiftlint.yml in Resources */ = {isa = PBXBuildFile; fileRef = 5F9DAB402C797CCD000563A2 /* .swiftlint.yml */; };
		5F9DAB482C79AC5A000563A2 /* RadioChannelData.swift in Sources */ = {isa = PBXBuildFile; fileRef = 5F9DAB472C79AC5A000563A2 /* RadioChannelData.swift */; };
		5F9DAB4C2C79C207000563A2 /* WifiConnectData.swift in Sources */ = {isa = PBXBuildFile; fileRef = 5F9DAB4B2C79C207000563A2 /* WifiConnectData.swift */; };
		5F9DAB502C79F0EA000563A2 /* EZLoadingView.swift in Sources */ = {isa = PBXBuildFile; fileRef = 5F9DAB4F2C79F0EA000563A2 /* EZLoadingView.swift */; };
		5FCC8B982BF2344400BCCFF3 /* SmartNotificationAlarmView.swift in Sources */ = {isa = PBXBuildFile; fileRef = 5FCC8B972BF2344400BCCFF3 /* SmartNotificationAlarmView.swift */; };
		5FCC8B9A2BF2345300BCCFF3 /* SmartNotificationAlarmViewModel.swift in Sources */ = {isa = PBXBuildFile; fileRef = 5FCC8B992BF2345300BCCFF3 /* SmartNotificationAlarmViewModel.swift */; };
		5FDDCABB2C188152006A528A /* TextFieldRepresentableView.swift in Sources */ = {isa = PBXBuildFile; fileRef = 5FDDCABA2C188152006A528A /* TextFieldRepresentableView.swift */; };
		5FDDCABD2C188189006A528A /* GifRepresentableView.swift in Sources */ = {isa = PBXBuildFile; fileRef = 5FDDCABC2C188189006A528A /* GifRepresentableView.swift */; };
		5FDE1EE82C6B0A1E00E67FCE /* EZButtonImageStyle.swift in Sources */ = {isa = PBXBuildFile; fileRef = 5FDE1EE72C6B0A1E00E67FCE /* EZButtonImageStyle.swift */; };
		5FE62F2F2C843DB000658155 /* libEZMackerUtilLib.a in Frameworks */ = {isa = PBXBuildFile; fileRef = 5FE62F282C843CEF00658155 /* libEZMackerUtilLib.a */; };
		5FE62F852C844F1900658155 /* libEZMackerServiceLib.a in Frameworks */ = {isa = PBXBuildFile; fileRef = 5FE62F832C844EE800658155 /* libEZMackerServiceLib.a */; };
		5FE62FBB2C845D3A00658155 /* AppStorageSetting.swift in Sources */ = {isa = PBXBuildFile; fileRef = 5FE62FBA2C845D3A00658155 /* AppStorageSetting.swift */; };
		5FE7B8CE2C1DA5E300AA841E /* AlertOKCancleView.swift in Sources */ = {isa = PBXBuildFile; fileRef = 5FE7B8CD2C1DA5E300AA841E /* AlertOKCancleView.swift */; };
		5FEE27C82BE9015400847761 /* CategoryView.swift in Sources */ = {isa = PBXBuildFile; fileRef = 5FEE27C72BE9015400847761 /* CategoryView.swift */; };
		5FEE27CF2BE901D900847761 /* ColorSchemeToolbarView.swift in Sources */ = {isa = PBXBuildFile; fileRef = 5FEE27CE2BE901D900847761 /* ColorSchemeToolbarView.swift */; };
/* End PBXBuildFile section */

/* Begin PBXContainerItemProxy section */
		5F36B2252BE7AB3100E08935 /* PBXContainerItemProxy */ = {
			isa = PBXContainerItemProxy;
			containerPortal = 5F36B20B2BE7AB3000E08935 /* Project object */;
			proxyType = 1;
			remoteGlobalIDString = 5F36B2122BE7AB3000E08935;
			remoteInfo = EZMacker;
		};
		5F36B22F2BE7AB3100E08935 /* PBXContainerItemProxy */ = {
			isa = PBXContainerItemProxy;
			containerPortal = 5F36B20B2BE7AB3000E08935 /* Project object */;
			proxyType = 1;
			remoteGlobalIDString = 5F36B2122BE7AB3000E08935;
			remoteInfo = EZMacker;
		};
		5FE62F272C843CEF00658155 /* PBXContainerItemProxy */ = {
			isa = PBXContainerItemProxy;
			containerPortal = 5FE62F222C843CEF00658155 /* EZMackerUtilLib.xcodeproj */;
			proxyType = 2;
			remoteGlobalIDString = 5FE62F132C843CDC00658155;
			remoteInfo = EZMackerUtilLib;
		};
		5FE62F822C844EE800658155 /* PBXContainerItemProxy */ = {
			isa = PBXContainerItemProxy;
			containerPortal = 5FE62F7D2C844EE800658155 /* EZMackerServiceLib.xcodeproj */;
			proxyType = 2;
			remoteGlobalIDString = 5FE62F6E2C844ED300658155;
			remoteInfo = EZMackerServiceLib;
		};
/* End PBXContainerItemProxy section */

/* Begin PBXFileReference section */
		5F027B252C82D55900DF929B /* BatteryConditionData.swift */ = {isa = PBXFileReference; lastKnownFileType = sourcecode.swift; path = BatteryConditionData.swift; sourceTree = "<group>"; };
		5F027B272C82E18500DF929B /* BatteryMetricsData.swift */ = {isa = PBXFileReference; lastKnownFileType = sourcecode.swift; path = BatteryMetricsData.swift; sourceTree = "<group>"; };
		5F027B292C82E7BF00DF929B /* AdapterMetricsData.swift */ = {isa = PBXFileReference; lastKnownFileType = sourcecode.swift; path = AdapterMetricsData.swift; sourceTree = "<group>"; };
		5F027B2B2C82EC3900DF929B /* SmartBatteryView.swift */ = {isa = PBXFileReference; lastKnownFileType = sourcecode.swift; path = SmartBatteryView.swift; sourceTree = "<group>"; };
		5F0F96722C6B67B800A70564 /* EZTextFieldWrapperStyle.swift */ = {isa = PBXFileReference; lastKnownFileType = sourcecode.swift; path = EZTextFieldWrapperStyle.swift; sourceTree = "<group>"; };
		5F1012A52BF3844300589C9B /* EZImage.swift */ = {isa = PBXFileReference; lastKnownFileType = sourcecode.swift; path = EZImage.swift; sourceTree = "<group>"; };
		5F1012AB2BF399ED00589C9B /* EZTitle.swift */ = {isa = PBXFileReference; lastKnownFileType = sourcecode.swift; path = EZTitle.swift; sourceTree = "<group>"; };
		5F1012AD2BF399F600589C9B /* EZContent.swift */ = {isa = PBXFileReference; lastKnownFileType = sourcecode.swift; path = EZContent.swift; sourceTree = "<group>"; };
		5F1012B12BF39EBD00589C9B /* EZBatteryInfoView.swift */ = {isa = PBXFileReference; lastKnownFileType = sourcecode.swift; path = EZBatteryInfoView.swift; sourceTree = "<group>"; };
		5F16A7DB2C358F07003EA0BE /* FileQueryData.swift */ = {isa = PBXFileReference; lastKnownFileType = sourcecode.swift; path = FileQueryData.swift; sourceTree = "<group>"; };
		5F1A91B02BF8E48F0078F4F8 /* battery_charging_animation.gif */ = {isa = PBXFileReference; lastKnownFileType = image.gif; path = battery_charging_animation.gif; sourceTree = "<group>"; };
		5F3604152C38214A00C1B84B /* SmartFileLocatorViewModel.swift */ = {isa = PBXFileReference; lastKnownFileType = sourcecode.swift; path = SmartFileLocatorViewModel.swift; sourceTree = "<group>"; };
		5F3604172C38230400C1B84B /* SmartFileLocatorView.swift */ = {isa = PBXFileReference; lastKnownFileType = sourcecode.swift; path = SmartFileLocatorView.swift; sourceTree = "<group>"; };
		5F3604192C38259400C1B84B /* SmartFileSearchView.swift */ = {isa = PBXFileReference; lastKnownFileType = sourcecode.swift; path = SmartFileSearchView.swift; sourceTree = "<group>"; };
		5F36041B2C3825B500C1B84B /* SmartFileSearchViewModel.swift */ = {isa = PBXFileReference; lastKnownFileType = sourcecode.swift; path = SmartFileSearchViewModel.swift; sourceTree = "<group>"; };
		5F36B2132BE7AB3000E08935 /* EZMacker.app */ = {isa = PBXFileReference; explicitFileType = wrapper.application; includeInIndex = 0; path = EZMacker.app; sourceTree = BUILT_PRODUCTS_DIR; };
		5F36B2162BE7AB3000E08935 /* EZMackerApp.swift */ = {isa = PBXFileReference; lastKnownFileType = sourcecode.swift; path = EZMackerApp.swift; sourceTree = "<group>"; };
		5F36B21A2BE7AB3100E08935 /* Assets.xcassets */ = {isa = PBXFileReference; lastKnownFileType = folder.assetcatalog; name = Assets.xcassets; path = EZMacker/Assets.xcassets; sourceTree = SOURCE_ROOT; };
		5F36B21D2BE7AB3100E08935 /* Preview Assets.xcassets */ = {isa = PBXFileReference; lastKnownFileType = folder.assetcatalog; path = "Preview Assets.xcassets"; sourceTree = "<group>"; };
		5F36B21F2BE7AB3100E08935 /* EZMacker.entitlements */ = {isa = PBXFileReference; lastKnownFileType = text.plist.entitlements; path = EZMacker.entitlements; sourceTree = "<group>"; };
		5F36B2242BE7AB3100E08935 /* EZMackerTests.xctest */ = {isa = PBXFileReference; explicitFileType = wrapper.cfbundle; includeInIndex = 0; path = EZMackerTests.xctest; sourceTree = BUILT_PRODUCTS_DIR; };
		5F36B2282BE7AB3100E08935 /* EZMackerTests.swift */ = {isa = PBXFileReference; lastKnownFileType = sourcecode.swift; path = EZMackerTests.swift; sourceTree = "<group>"; };
		5F36B22E2BE7AB3100E08935 /* EZMackerUITests.xctest */ = {isa = PBXFileReference; explicitFileType = wrapper.cfbundle; includeInIndex = 0; path = EZMackerUITests.xctest; sourceTree = BUILT_PRODUCTS_DIR; };
		5F36B2322BE7AB3100E08935 /* EZMackerUITests.swift */ = {isa = PBXFileReference; lastKnownFileType = sourcecode.swift; path = EZMackerUITests.swift; sourceTree = "<group>"; };
		5F36B2342BE7AB3100E08935 /* EZMackerUITestsLaunchTests.swift */ = {isa = PBXFileReference; lastKnownFileType = sourcecode.swift; path = EZMackerUITestsLaunchTests.swift; sourceTree = "<group>"; };
		5F36B2432BE7ACC000E08935 /* MainContentView.swift */ = {isa = PBXFileReference; lastKnownFileType = sourcecode.swift; path = MainContentView.swift; sourceTree = "<group>"; };
		5F36C0882C17ECE00031C0E3 /* AlertTextFieldView.swift */ = {isa = PBXFileReference; lastKnownFileType = sourcecode.swift; path = AlertTextFieldView.swift; sourceTree = "<group>"; };
		5F3A51992C71C2D0000B2C2F /* FileManager + Extension.swift */ = {isa = PBXFileReference; lastKnownFileType = sourcecode.swift; path = "FileManager + Extension.swift"; sourceTree = "<group>"; };
		5F3CB4572C7052C0007A479D /* BatterySetting.swift */ = {isa = PBXFileReference; lastKnownFileType = sourcecode.swift; path = BatterySetting.swift; sourceTree = "<group>"; };
		5F3CB4592C7052D3007A479D /* WifiSetting.swift */ = {isa = PBXFileReference; lastKnownFileType = sourcecode.swift; path = WifiSetting.swift; sourceTree = "<group>"; };
		5F3CB45B2C7052DE007A479D /* FileLocatorSetting.swift */ = {isa = PBXFileReference; lastKnownFileType = sourcecode.swift; path = FileLocatorSetting.swift; sourceTree = "<group>"; };
		5F3DBE032C04A33000B5C0DE /* Info.plist */ = {isa = PBXFileReference; lastKnownFileType = text.plist; path = Info.plist; sourceTree = "<group>"; };
		5F3DBE122C04BC8800B5C0DE /* View + Extension.swift */ = {isa = PBXFileReference; lastKnownFileType = sourcecode.swift; path = "View + Extension.swift"; sourceTree = "<group>"; };
		5F3FF02F2C02BE9800E3246C /* ChargeData.swift */ = {isa = PBXFileReference; lastKnownFileType = sourcecode.swift; path = ChargeData.swift; sourceTree = "<group>"; };
		5F3FF0312C02C6AE00E3246C /* EZBatteryBarView.swift */ = {isa = PBXFileReference; lastKnownFileType = sourcecode.swift; path = EZBatteryBarView.swift; sourceTree = "<group>"; };
		5F3FF0332C02EE8600E3246C /* ColorSchemeViewModel.swift */ = {isa = PBXFileReference; lastKnownFileType = sourcecode.swift; path = ColorSchemeViewModel.swift; sourceTree = "<group>"; };
		5F3FF03C2C03384100E3246C /* AppNotificationCenter.swift */ = {isa = PBXFileReference; lastKnownFileType = sourcecode.swift; path = AppNotificationCenter.swift; sourceTree = "<group>"; };
		5F3FF03E2C03392000E3246C /* AppAlertManager.swift */ = {isa = PBXFileReference; lastKnownFileType = sourcecode.swift; path = AppAlertManager.swift; sourceTree = "<group>"; };
		5F4196782C6C57530019A65F /* battery_connect_animation.gif */ = {isa = PBXFileReference; lastKnownFileType = image.gif; path = battery_connect_animation.gif; sourceTree = "<group>"; };
		5F4589982C0C56FA008FCD41 /* EZWifiChannelView.swift */ = {isa = PBXFileReference; lastKnownFileType = sourcecode.swift; path = EZWifiChannelView.swift; sourceTree = "<group>"; };
		5F485A002C69ABDF00B32585 /* EZListViewStyle.swift */ = {isa = PBXFileReference; lastKnownFileType = sourcecode.swift; path = EZListViewStyle.swift; sourceTree = "<group>"; };
		5F485A022C69ACB100B32585 /* EZNormalTextStyle.swift */ = {isa = PBXFileReference; lastKnownFileType = sourcecode.swift; path = EZNormalTextStyle.swift; sourceTree = "<group>"; };
		5F485A042C69ACCB00B32585 /* EZNormalImageStyle.swift */ = {isa = PBXFileReference; lastKnownFileType = sourcecode.swift; path = EZNormalImageStyle.swift; sourceTree = "<group>"; };
		5F485A062C69ACEA00B32585 /* EZBackgroundColorStyle.swift */ = {isa = PBXFileReference; lastKnownFileType = sourcecode.swift; path = EZBackgroundColorStyle.swift; sourceTree = "<group>"; };
		5F485A082C69AD7D00B32585 /* EZTextFieldStyle.swift */ = {isa = PBXFileReference; lastKnownFileType = sourcecode.swift; path = EZTextFieldStyle.swift; sourceTree = "<group>"; };
		5F485A0A2C69AE8C00B32585 /* EZListRowStyle.swift */ = {isa = PBXFileReference; lastKnownFileType = sourcecode.swift; path = EZListRowStyle.swift; sourceTree = "<group>"; };
		5F485A0C2C69AF7C00B32585 /* EZButtonStyle.swift */ = {isa = PBXFileReference; lastKnownFileType = sourcecode.swift; path = EZButtonStyle.swift; sourceTree = "<group>"; };
		5F5E23452C6A2E2200CD329F /* EZTabbarButtonStyle.swift */ = {isa = PBXFileReference; lastKnownFileType = sourcecode.swift; path = EZTabbarButtonStyle.swift; sourceTree = "<group>"; };
		5F5E23492C6A469600CD329F /* EZTabbarBackgroundStyle.swift */ = {isa = PBXFileReference; lastKnownFileType = sourcecode.swift; path = EZTabbarBackgroundStyle.swift; sourceTree = "<group>"; };
		5F5E234B2C6A483A00CD329F /* EZTabbarGridStyle.swift */ = {isa = PBXFileReference; lastKnownFileType = sourcecode.swift; path = EZTabbarGridStyle.swift; sourceTree = "<group>"; };
		5F60FC8B2C8C05BE001A4D41 /* MacModelIdentifier.swift */ = {isa = PBXFileReference; lastKnownFileType = sourcecode.swift; path = MacModelIdentifier.swift; sourceTree = "<group>"; };
		5F69D28A2C0DDA9D00F318ED /* EZWifiDetailView.swift */ = {isa = PBXFileReference; lastKnownFileType = sourcecode.swift; path = EZWifiDetailView.swift; sourceTree = "<group>"; };
		5F69D28F2C0DECE900F318ED /* AdapterConnect.swift */ = {isa = PBXFileReference; lastKnownFileType = sourcecode.swift; path = AdapterConnect.swift; sourceTree = "<group>"; };
		5F69D2912C0DED4800F318ED /* AdapterData.swift */ = {isa = PBXFileReference; lastKnownFileType = sourcecode.swift; path = AdapterData.swift; sourceTree = "<group>"; };
		5F69D2932C0DEDA100F318ED /* ScanningWifiData.swift */ = {isa = PBXFileReference; lastKnownFileType = sourcecode.swift; path = ScanningWifiData.swift; sourceTree = "<group>"; };
		5F6D4E5F2BE88213004B94F8 /* AppStorageKey.swift */ = {isa = PBXFileReference; lastKnownFileType = sourcecode.swift; path = AppStorageKey.swift; sourceTree = "<group>"; };
		5F6D4E692BE88AD9004B94F8 /* ToolbarKeyType.swift */ = {isa = PBXFileReference; lastKnownFileType = sourcecode.swift; path = ToolbarKeyType.swift; sourceTree = "<group>"; };
		5F6D4E6B2BE88CC6004B94F8 /* ThemeColorType.swift */ = {isa = PBXFileReference; lastKnownFileType = sourcecode.swift; path = ThemeColorType.swift; sourceTree = "<group>"; };
		5F6D4E6D2BE88CE1004B94F8 /* ColorSchemeModeType.swift */ = {isa = PBXFileReference; lastKnownFileType = sourcecode.swift; path = ColorSchemeModeType.swift; sourceTree = "<group>"; };
		5F6D4E752BE8A2A4004B94F8 /* ToastType.swift */ = {isa = PBXFileReference; lastKnownFileType = sourcecode.swift; path = ToastType.swift; sourceTree = "<group>"; };
		5F6D4E782BE8A2DA004B94F8 /* ToastView.swift */ = {isa = PBXFileReference; lastKnownFileType = sourcecode.swift; path = ToastView.swift; sourceTree = "<group>"; };
		5F6D4E7B2BE8A328004B94F8 /* ToastData.swift */ = {isa = PBXFileReference; lastKnownFileType = sourcecode.swift; path = ToastData.swift; sourceTree = "<group>"; };
		5F70D5DC2BE7BDE0004509BC /* SmartBatteryViewModel.swift */ = {isa = PBXFileReference; lastKnownFileType = sourcecode.swift; path = SmartBatteryViewModel.swift; sourceTree = "<group>"; };
		5F70D5E12BE7C586004509BC /* CategoryType.swift */ = {isa = PBXFileReference; lastKnownFileType = sourcecode.swift; path = CategoryType.swift; sourceTree = "<group>"; };
		5F70D5EC2BE7D8F4004509BC /* FontSizeType.swift */ = {isa = PBXFileReference; lastKnownFileType = sourcecode.swift; path = FontSizeType.swift; sourceTree = "<group>"; };
		5F72B7C72C42357B0060DEA0 /* FileTabData.swift */ = {isa = PBXFileReference; lastKnownFileType = sourcecode.swift; path = FileTabData.swift; sourceTree = "<group>"; };
		5F78156A2C69DF9F00DE5F39 /* EZInnerBackgroundStyle.swift */ = {isa = PBXFileReference; lastKnownFileType = sourcecode.swift; path = EZInnerBackgroundStyle.swift; sourceTree = "<group>"; };
		5F7E0B642C7077D9000C8C97 /* EZBatteryMonitoringView.swift */ = {isa = PBXFileReference; lastKnownFileType = sourcecode.swift; path = EZBatteryMonitoringView.swift; sourceTree = "<group>"; };
		5F7E0B662C707844000C8C97 /* EZWifiMainView.swift */ = {isa = PBXFileReference; lastKnownFileType = sourcecode.swift; path = EZWifiMainView.swift; sourceTree = "<group>"; };
		5F7E0B682C70789B000C8C97 /* EZWifiStrengthView.swift */ = {isa = PBXFileReference; lastKnownFileType = sourcecode.swift; path = EZWifiStrengthView.swift; sourceTree = "<group>"; };
		5F7E0B6A2C70790F000C8C97 /* EZBatteryAdapterView.swift */ = {isa = PBXFileReference; lastKnownFileType = sourcecode.swift; path = EZBatteryAdapterView.swift; sourceTree = "<group>"; };
		5F7E0B732C709CB6000C8C97 /* AppEnviroment.swift */ = {isa = PBXFileReference; lastKnownFileType = sourcecode.swift; path = AppEnviroment.swift; sourceTree = "<group>"; };
		5F7E0B762C709CC9000C8C97 /* EnviromentKey.swift */ = {isa = PBXFileReference; lastKnownFileType = sourcecode.swift; path = EnviromentKey.swift; sourceTree = "<group>"; };
		5F97C3752BF9D25000B0DC56 /* SettingPreference.swift */ = {isa = PBXFileReference; lastKnownFileType = sourcecode.swift; path = SettingPreference.swift; sourceTree = "<group>"; };
		5F97C3772BF9DAFE00B0DC56 /* SystemPreferenceService.swift */ = {isa = PBXFileReference; lastKnownFileType = sourcecode.swift; path = SystemPreferenceService.swift; sourceTree = "<group>"; };
		5F97C3812BFA132E00B0DC56 /* SmartWifiView.swift */ = {isa = PBXFileReference; lastKnownFileType = sourcecode.swift; path = SmartWifiView.swift; sourceTree = "<group>"; };
		5F97C3832BFA133A00B0DC56 /* SmartWifiViewModel.swift */ = {isa = PBXFileReference; lastKnownFileType = sourcecode.swift; path = SmartWifiViewModel.swift; sourceTree = "<group>"; };
		5F9999AB2C1DEE9600D38D59 /* BestSSIDShowMode.swift */ = {isa = PBXFileReference; lastKnownFileType = sourcecode.swift; path = BestSSIDShowMode.swift; sourceTree = "<group>"; };
		5F9999AF2C1DF0E000D38D59 /* AppUsageExit.swift */ = {isa = PBXFileReference; lastKnownFileType = sourcecode.swift; path = AppUsageExit.swift; sourceTree = "<group>"; };
		5F9DAB402C797CCD000563A2 /* .swiftlint.yml */ = {isa = PBXFileReference; lastKnownFileType = text.yaml; path = .swiftlint.yml; sourceTree = "<group>"; };
		5F9DAB472C79AC5A000563A2 /* RadioChannelData.swift */ = {isa = PBXFileReference; lastKnownFileType = sourcecode.swift; path = RadioChannelData.swift; sourceTree = "<group>"; };
		5F9DAB4B2C79C207000563A2 /* WifiConnectData.swift */ = {isa = PBXFileReference; lastKnownFileType = sourcecode.swift; path = WifiConnectData.swift; sourceTree = "<group>"; };
		5F9DAB4F2C79F0EA000563A2 /* EZLoadingView.swift */ = {isa = PBXFileReference; lastKnownFileType = sourcecode.swift; path = EZLoadingView.swift; sourceTree = "<group>"; };
		5FCC8B972BF2344400BCCFF3 /* SmartNotificationAlarmView.swift */ = {isa = PBXFileReference; lastKnownFileType = sourcecode.swift; path = SmartNotificationAlarmView.swift; sourceTree = "<group>"; };
		5FCC8B992BF2345300BCCFF3 /* SmartNotificationAlarmViewModel.swift */ = {isa = PBXFileReference; lastKnownFileType = sourcecode.swift; path = SmartNotificationAlarmViewModel.swift; sourceTree = "<group>"; };
		5FDDCABA2C188152006A528A /* TextFieldRepresentableView.swift */ = {isa = PBXFileReference; lastKnownFileType = sourcecode.swift; path = TextFieldRepresentableView.swift; sourceTree = "<group>"; };
		5FDDCABC2C188189006A528A /* GifRepresentableView.swift */ = {isa = PBXFileReference; lastKnownFileType = sourcecode.swift; path = GifRepresentableView.swift; sourceTree = "<group>"; };
		5FDE1EE72C6B0A1E00E67FCE /* EZButtonImageStyle.swift */ = {isa = PBXFileReference; lastKnownFileType = sourcecode.swift; path = EZButtonImageStyle.swift; sourceTree = "<group>"; };
		5FE62F222C843CEF00658155 /* EZMackerUtilLib.xcodeproj */ = {isa = PBXFileReference; lastKnownFileType = "wrapper.pb-project"; path = EZMackerUtilLib.xcodeproj; sourceTree = "<group>"; };
		5FE62F7D2C844EE800658155 /* EZMackerServiceLib.xcodeproj */ = {isa = PBXFileReference; lastKnownFileType = "wrapper.pb-project"; path = EZMackerServiceLib.xcodeproj; sourceTree = "<group>"; };
		5FE62FBA2C845D3A00658155 /* AppStorageSetting.swift */ = {isa = PBXFileReference; lastKnownFileType = sourcecode.swift; path = AppStorageSetting.swift; sourceTree = "<group>"; };
		5FE7B8CD2C1DA5E300AA841E /* AlertOKCancleView.swift */ = {isa = PBXFileReference; lastKnownFileType = sourcecode.swift; path = AlertOKCancleView.swift; sourceTree = "<group>"; };
		5FEE27C72BE9015400847761 /* CategoryView.swift */ = {isa = PBXFileReference; lastKnownFileType = sourcecode.swift; path = CategoryView.swift; sourceTree = "<group>"; };
		5FEE27CE2BE901D900847761 /* ColorSchemeToolbarView.swift */ = {isa = PBXFileReference; lastKnownFileType = sourcecode.swift; path = ColorSchemeToolbarView.swift; sourceTree = "<group>"; };
/* End PBXFileReference section */

/* Begin PBXFrameworksBuildPhase section */
		5F36B2102BE7AB3000E08935 /* Frameworks */ = {
			isa = PBXFrameworksBuildPhase;
			buildActionMask = 2147483647;
			files = (
				5FE62F2F2C843DB000658155 /* libEZMackerUtilLib.a in Frameworks */,
				5FE62F852C844F1900658155 /* libEZMackerServiceLib.a in Frameworks */,
			);
			runOnlyForDeploymentPostprocessing = 0;
		};
		5F36B2212BE7AB3100E08935 /* Frameworks */ = {
			isa = PBXFrameworksBuildPhase;
			buildActionMask = 2147483647;
			files = (
			);
			runOnlyForDeploymentPostprocessing = 0;
		};
		5F36B22B2BE7AB3100E08935 /* Frameworks */ = {
			isa = PBXFrameworksBuildPhase;
			buildActionMask = 2147483647;
			files = (
			);
			runOnlyForDeploymentPostprocessing = 0;
		};
/* End PBXFrameworksBuildPhase section */

/* Begin PBXGroup section */
		5F1012962BF3825D00589C9B /* Modifier */ = {
			isa = PBXGroup;
			children = (
				5F485A002C69ABDF00B32585 /* EZListViewStyle.swift */,
				5F485A022C69ACB100B32585 /* EZNormalTextStyle.swift */,
				5F485A042C69ACCB00B32585 /* EZNormalImageStyle.swift */,
				5F485A062C69ACEA00B32585 /* EZBackgroundColorStyle.swift */,
				5F485A082C69AD7D00B32585 /* EZTextFieldStyle.swift */,
				5F485A0A2C69AE8C00B32585 /* EZListRowStyle.swift */,
				5F485A0C2C69AF7C00B32585 /* EZButtonStyle.swift */,
				5F78156A2C69DF9F00DE5F39 /* EZInnerBackgroundStyle.swift */,
				5F5E23452C6A2E2200CD329F /* EZTabbarButtonStyle.swift */,
				5F5E23492C6A469600CD329F /* EZTabbarBackgroundStyle.swift */,
				5F5E234B2C6A483A00CD329F /* EZTabbarGridStyle.swift */,
				5FDE1EE72C6B0A1E00E67FCE /* EZButtonImageStyle.swift */,
				5F0F96722C6B67B800A70564 /* EZTextFieldWrapperStyle.swift */,
			);
			path = Modifier;
			sourceTree = "<group>";
		};
		5F1012972BF3826A00589C9B /* View */ = {
			isa = PBXGroup;
			children = (
				5F1012B12BF39EBD00589C9B /* EZBatteryInfoView.swift */,
				5F3FF0312C02C6AE00E3246C /* EZBatteryBarView.swift */,
				5F4589982C0C56FA008FCD41 /* EZWifiChannelView.swift */,
				5F69D28A2C0DDA9D00F318ED /* EZWifiDetailView.swift */,
				5F7E0B642C7077D9000C8C97 /* EZBatteryMonitoringView.swift */,
				5F7E0B662C707844000C8C97 /* EZWifiMainView.swift */,
				5F7E0B682C70789B000C8C97 /* EZWifiStrengthView.swift */,
				5F7E0B6A2C70790F000C8C97 /* EZBatteryAdapterView.swift */,
				5F9DAB4F2C79F0EA000563A2 /* EZLoadingView.swift */,
			);
			path = View;
			sourceTree = "<group>";
		};
		5F1012A22BF3842200589C9B /* Control */ = {
			isa = PBXGroup;
			children = (
				5F1012A52BF3844300589C9B /* EZImage.swift */,
				5F1012AB2BF399ED00589C9B /* EZTitle.swift */,
				5F1012AD2BF399F600589C9B /* EZContent.swift */,
			);
			path = Control;
			sourceTree = "<group>";
		};
		5F1A919D2BF860F50078F4F8 /* Model */ = {
			isa = PBXGroup;
			children = (
				5F3FF02F2C02BE9800E3246C /* ChargeData.swift */,
				5F69D2912C0DED4800F318ED /* AdapterData.swift */,
				5F69D2932C0DEDA100F318ED /* ScanningWifiData.swift */,
				5F16A7DB2C358F07003EA0BE /* FileQueryData.swift */,
				5F72B7C72C42357B0060DEA0 /* FileTabData.swift */,
				5F3CB4572C7052C0007A479D /* BatterySetting.swift */,
				5F3CB4592C7052D3007A479D /* WifiSetting.swift */,
				5F3CB45B2C7052DE007A479D /* FileLocatorSetting.swift */,
				5F9DAB472C79AC5A000563A2 /* RadioChannelData.swift */,
				5F9DAB4B2C79C207000563A2 /* WifiConnectData.swift */,
				5F027B252C82D55900DF929B /* BatteryConditionData.swift */,
				5F027B272C82E18500DF929B /* BatteryMetricsData.swift */,
				5F027B292C82E7BF00DF929B /* AdapterMetricsData.swift */,
			);
			path = Model;
			sourceTree = "<group>";
		};
		5F1A91A32BF8D8C30078F4F8 /* Resource */ = {
			isa = PBXGroup;
			children = (
				5F36B21A2BE7AB3100E08935 /* Assets.xcassets */,
				5F1A91A42BF8D8CA0078F4F8 /* Gif */,
			);
			path = Resource;
			sourceTree = "<group>";
		};
		5F1A91A42BF8D8CA0078F4F8 /* Gif */ = {
			isa = PBXGroup;
			children = (
				5F4196782C6C57530019A65F /* battery_connect_animation.gif */,
				5F1A91B02BF8E48F0078F4F8 /* battery_charging_animation.gif */,
			);
			path = Gif;
			sourceTree = "<group>";
		};
		5F1A91A72BF8D93E0078F4F8 /* Wrapper */ = {
			isa = PBXGroup;
			children = (
				5FDDCABA2C188152006A528A /* TextFieldRepresentableView.swift */,
				5FDDCABC2C188189006A528A /* GifRepresentableView.swift */,
			);
			path = Wrapper;
			sourceTree = "<group>";
		};
		5F36B20A2BE7AB3000E08935 = {
			isa = PBXGroup;
			children = (
				5FE62F7E2C844EE800658155 /* EZMackerServiceLib */,
				5FE62F232C843CEF00658155 /* EZMackerUtilLib */,
				5F9DAB402C797CCD000563A2 /* .swiftlint.yml */,
				5F36B2152BE7AB3000E08935 /* EZMacker */,
				5F36B2272BE7AB3100E08935 /* EZMackerTests */,
				5F36B2312BE7AB3100E08935 /* EZMackerUITests */,
				5F36B2142BE7AB3000E08935 /* Products */,
				5FE62F2E2C843DB000658155 /* Frameworks */,
			);
			sourceTree = "<group>";
		};
		5F36B2142BE7AB3000E08935 /* Products */ = {
			isa = PBXGroup;
			children = (
				5F36B2132BE7AB3000E08935 /* EZMacker.app */,
				5F36B2242BE7AB3100E08935 /* EZMackerTests.xctest */,
				5F36B22E2BE7AB3100E08935 /* EZMackerUITests.xctest */,
			);
			name = Products;
			sourceTree = "<group>";
		};
		5F36B2152BE7AB3000E08935 /* EZMacker */ = {
			isa = PBXGroup;
			children = (
				5F3DBE032C04A33000B5C0DE /* Info.plist */,
				5F3FF03B2C03382B00E3246C /* Message */,
				5F1A91A72BF8D93E0078F4F8 /* Wrapper */,
				5F1A91A32BF8D8C30078F4F8 /* Resource */,
				5FEE27BD2BE8DA9400847761 /* Configuration */,
				5F6D4E662BE889EC004B94F8 /* Extension */,
				5F6D4E5B2BE881BD004B94F8 /* Storage */,
				5F36B2472BE7B1A600E08935 /* ViewModel */,
				5F36B2462BE7B19E00E08935 /* View */,
				5F36B21F2BE7AB3100E08935 /* EZMacker.entitlements */,
				5F36B21C2BE7AB3100E08935 /* Preview Content */,
			);
			path = EZMacker;
			sourceTree = "<group>";
		};
		5F36B21C2BE7AB3100E08935 /* Preview Content */ = {
			isa = PBXGroup;
			children = (
				5F36B21D2BE7AB3100E08935 /* Preview Assets.xcassets */,
			);
			path = "Preview Content";
			sourceTree = "<group>";
		};
		5F36B2272BE7AB3100E08935 /* EZMackerTests */ = {
			isa = PBXGroup;
			children = (
				5F36B2282BE7AB3100E08935 /* EZMackerTests.swift */,
			);
			path = EZMackerTests;
			sourceTree = "<group>";
		};
		5F36B2312BE7AB3100E08935 /* EZMackerUITests */ = {
			isa = PBXGroup;
			children = (
				5F36B2322BE7AB3100E08935 /* EZMackerUITests.swift */,
				5F36B2342BE7AB3100E08935 /* EZMackerUITestsLaunchTests.swift */,
			);
			path = EZMackerUITests;
			sourceTree = "<group>";
		};
		5F36B2462BE7B19E00E08935 /* View */ = {
			isa = PBXGroup;
			children = (
				5F36C0872C17ECD40031C0E3 /* Alert */,
				5FEE27C62BE9012900847761 /* NavigationSplit */,
				5F6D4E712BE8A243004B94F8 /* Toast */,
				5F70D5E32BE7C810004509BC /* Custom */,
				5F70D5E02BE7C576004509BC /* Enum */,
			);
			path = View;
			sourceTree = "<group>";
		};
		5F36B2472BE7B1A600E08935 /* ViewModel */ = {
			isa = PBXGroup;
			children = (
				5F69D28C2C0DECA300F318ED /* Enum */,
				5F1A919D2BF860F50078F4F8 /* Model */,
				5F70D5DC2BE7BDE0004509BC /* SmartBatteryViewModel.swift */,
				5FCC8B992BF2345300BCCFF3 /* SmartNotificationAlarmViewModel.swift */,
				5F97C3832BFA133A00B0DC56 /* SmartWifiViewModel.swift */,
				5F3FF0332C02EE8600E3246C /* ColorSchemeViewModel.swift */,
				5F3604152C38214A00C1B84B /* SmartFileLocatorViewModel.swift */,
				5F36041B2C3825B500C1B84B /* SmartFileSearchViewModel.swift */,
			);
			path = ViewModel;
			sourceTree = "<group>";
		};
		5F36C0872C17ECD40031C0E3 /* Alert */ = {
			isa = PBXGroup;
			children = (
				5F36C0882C17ECE00031C0E3 /* AlertTextFieldView.swift */,
				5FE7B8CD2C1DA5E300AA841E /* AlertOKCancleView.swift */,
			);
			path = Alert;
			sourceTree = "<group>";
		};
		5F3FF03B2C03382B00E3246C /* Message */ = {
			isa = PBXGroup;
			children = (
				5F3FF03C2C03384100E3246C /* AppNotificationCenter.swift */,
				5F3FF03E2C03392000E3246C /* AppAlertManager.swift */,
			);
			path = Message;
			sourceTree = "<group>";
		};
		5F69D28C2C0DECA300F318ED /* Enum */ = {
			isa = PBXGroup;
			children = (
				5F69D28F2C0DECE900F318ED /* AdapterConnect.swift */,
				5F9999AB2C1DEE9600D38D59 /* BestSSIDShowMode.swift */,
				5F9999AF2C1DF0E000D38D59 /* AppUsageExit.swift */,
			);
			path = Enum;
			sourceTree = "<group>";
		};
		5F6D4E5B2BE881BD004B94F8 /* Storage */ = {
			isa = PBXGroup;
			children = (
				5F6D4E5D2BE881E3004B94F8 /* AppStroage */,
			);
			path = Storage;
			sourceTree = "<group>";
		};
		5F6D4E5D2BE881E3004B94F8 /* AppStroage */ = {
			isa = PBXGroup;
			children = (
				5F6D4E5E2BE88209004B94F8 /* Enum */,
				5FE62FBA2C845D3A00658155 /* AppStorageSetting.swift */,
			);
			path = AppStroage;
			sourceTree = "<group>";
		};
		5F6D4E5E2BE88209004B94F8 /* Enum */ = {
			isa = PBXGroup;
			children = (
				5F6D4E5F2BE88213004B94F8 /* AppStorageKey.swift */,
			);
			path = Enum;
			sourceTree = "<group>";
		};
		5F6D4E662BE889EC004B94F8 /* Extension */ = {
			isa = PBXGroup;
			children = (
				5F3DBE122C04BC8800B5C0DE /* View + Extension.swift */,
				5F3A51992C71C2D0000B2C2F /* FileManager + Extension.swift */,
			);
			path = Extension;
			sourceTree = "<group>";
		};
		5F6D4E712BE8A243004B94F8 /* Toast */ = {
			isa = PBXGroup;
			children = (
				5F6D4E7A2BE8A312004B94F8 /* Model */,
				5F6D4E742BE8A28A004B94F8 /* Enum */,
				5F6D4E782BE8A2DA004B94F8 /* ToastView.swift */,
			);
			path = Toast;
			sourceTree = "<group>";
		};
		5F6D4E742BE8A28A004B94F8 /* Enum */ = {
			isa = PBXGroup;
			children = (
				5F6D4E752BE8A2A4004B94F8 /* ToastType.swift */,
			);
			path = Enum;
			sourceTree = "<group>";
		};
		5F6D4E7A2BE8A312004B94F8 /* Model */ = {
			isa = PBXGroup;
			children = (
				5F6D4E7B2BE8A328004B94F8 /* ToastData.swift */,
			);
			path = Model;
			sourceTree = "<group>";
		};
		5F70D5E02BE7C576004509BC /* Enum */ = {
			isa = PBXGroup;
			children = (
				5F70D5E12BE7C586004509BC /* CategoryType.swift */,
				5F70D5EC2BE7D8F4004509BC /* FontSizeType.swift */,
				5F6D4E692BE88AD9004B94F8 /* ToolbarKeyType.swift */,
				5F6D4E6B2BE88CC6004B94F8 /* ThemeColorType.swift */,
				5F6D4E6D2BE88CE1004B94F8 /* ColorSchemeModeType.swift */,
			);
			path = Enum;
			sourceTree = "<group>";
		};
		5F70D5E32BE7C810004509BC /* Custom */ = {
			isa = PBXGroup;
			children = (
				5F1012A22BF3842200589C9B /* Control */,
				5F1012972BF3826A00589C9B /* View */,
				5F1012962BF3825D00589C9B /* Modifier */,
			);
			path = Custom;
			sourceTree = "<group>";
		};
		5F7E0B722C709CA4000C8C97 /* Enviroment */ = {
			isa = PBXGroup;
			children = (
				5F7E0B752C709CBE000C8C97 /* Enum */,
				5F7E0B732C709CB6000C8C97 /* AppEnviroment.swift */,
			);
			path = Enviroment;
			sourceTree = "<group>";
		};
		5F7E0B752C709CBE000C8C97 /* Enum */ = {
			isa = PBXGroup;
			children = (
				5F7E0B762C709CC9000C8C97 /* EnviromentKey.swift */,
				5F60FC8B2C8C05BE001A4D41 /* MacModelIdentifier.swift */,
			);
			path = Enum;
			sourceTree = "<group>";
		};
		5F97C3722BF9D20F00B0DC56 /* SystemPreference */ = {
			isa = PBXGroup;
			children = (
				5F97C3742BF9D23400B0DC56 /* Enum */,
				5F97C3772BF9DAFE00B0DC56 /* SystemPreferenceService.swift */,
			);
			path = SystemPreference;
			sourceTree = "<group>";
		};
		5F97C3742BF9D23400B0DC56 /* Enum */ = {
			isa = PBXGroup;
			children = (
				5F97C3752BF9D25000B0DC56 /* SettingPreference.swift */,
			);
			path = Enum;
			sourceTree = "<group>";
		};
		5FE62F232C843CEF00658155 /* EZMackerUtilLib */ = {
			isa = PBXGroup;
			children = (
				5FE62F222C843CEF00658155 /* EZMackerUtilLib.xcodeproj */,
			);
			path = EZMackerUtilLib;
			sourceTree = "<group>";
		};
		5FE62F242C843CEF00658155 /* Products */ = {
			isa = PBXGroup;
			children = (
				5FE62F282C843CEF00658155 /* libEZMackerUtilLib.a */,
			);
			name = Products;
			sourceTree = "<group>";
		};
		5FE62F2E2C843DB000658155 /* Frameworks */ = {
			isa = PBXGroup;
			children = (
			);
			name = Frameworks;
			sourceTree = "<group>";
		};
		5FE62F7E2C844EE800658155 /* EZMackerServiceLib */ = {
			isa = PBXGroup;
			children = (
				5FE62F7D2C844EE800658155 /* EZMackerServiceLib.xcodeproj */,
			);
			path = EZMackerServiceLib;
			sourceTree = "<group>";
		};
		5FE62F7F2C844EE800658155 /* Products */ = {
			isa = PBXGroup;
			children = (
				5FE62F832C844EE800658155 /* libEZMackerServiceLib.a */,
			);
			name = Products;
			sourceTree = "<group>";
		};
		5FEE27BD2BE8DA9400847761 /* Configuration */ = {
			isa = PBXGroup;
			children = (
				5F7E0B722C709CA4000C8C97 /* Enviroment */,
				5F36B2432BE7ACC000E08935 /* MainContentView.swift */,
				5F36B2162BE7AB3000E08935 /* EZMackerApp.swift */,
				5F97C3722BF9D20F00B0DC56 /* SystemPreference */,
			);
			path = Configuration;
			sourceTree = "<group>";
		};
		5FEE27C62BE9012900847761 /* NavigationSplit */ = {
			isa = PBXGroup;
			children = (
				5FEE27C92BE9017C00847761 /* Detail */,
				5FEE27C72BE9015400847761 /* CategoryView.swift */,
				5FEE27CE2BE901D900847761 /* ColorSchemeToolbarView.swift */,
			);
			path = NavigationSplit;
			sourceTree = "<group>";
		};
		5FEE27C92BE9017C00847761 /* Detail */ = {
			isa = PBXGroup;
			children = (
				5FCC8B972BF2344400BCCFF3 /* SmartNotificationAlarmView.swift */,
				5F97C3812BFA132E00B0DC56 /* SmartWifiView.swift */,
				5F3604172C38230400C1B84B /* SmartFileLocatorView.swift */,
				5F3604192C38259400C1B84B /* SmartFileSearchView.swift */,
				5F027B2B2C82EC3900DF929B /* SmartBatteryView.swift */,
			);
			path = Detail;
			sourceTree = "<group>";
		};
/* End PBXGroup section */

/* Begin PBXNativeTarget section */
		5F36B2122BE7AB3000E08935 /* EZMacker */ = {
			isa = PBXNativeTarget;
			buildConfigurationList = 5F36B2382BE7AB3100E08935 /* Build configuration list for PBXNativeTarget "EZMacker" */;
			buildPhases = (
				5F36B20F2BE7AB3000E08935 /* Sources */,
				5F36B2102BE7AB3000E08935 /* Frameworks */,
				5F36B2112BE7AB3000E08935 /* Resources */,
				5F9DAB3F2C797CAC000563A2 /* ShellScript */,
			);
			buildRules = (
			);
			dependencies = (
			);
			name = EZMacker;
			packageProductDependencies = (
			);
			productName = EZMacker;
			productReference = 5F36B2132BE7AB3000E08935 /* EZMacker.app */;
			productType = "com.apple.product-type.application";
		};
		5F36B2232BE7AB3100E08935 /* EZMackerTests */ = {
			isa = PBXNativeTarget;
			buildConfigurationList = 5F36B23B2BE7AB3100E08935 /* Build configuration list for PBXNativeTarget "EZMackerTests" */;
			buildPhases = (
				5F36B2202BE7AB3100E08935 /* Sources */,
				5F36B2212BE7AB3100E08935 /* Frameworks */,
				5F36B2222BE7AB3100E08935 /* Resources */,
			);
			buildRules = (
			);
			dependencies = (
				5F36B2262BE7AB3100E08935 /* PBXTargetDependency */,
			);
			name = EZMackerTests;
			productName = EZMackerTests;
			productReference = 5F36B2242BE7AB3100E08935 /* EZMackerTests.xctest */;
			productType = "com.apple.product-type.bundle.unit-test";
		};
		5F36B22D2BE7AB3100E08935 /* EZMackerUITests */ = {
			isa = PBXNativeTarget;
			buildConfigurationList = 5F36B23E2BE7AB3100E08935 /* Build configuration list for PBXNativeTarget "EZMackerUITests" */;
			buildPhases = (
				5F36B22A2BE7AB3100E08935 /* Sources */,
				5F36B22B2BE7AB3100E08935 /* Frameworks */,
				5F36B22C2BE7AB3100E08935 /* Resources */,
			);
			buildRules = (
			);
			dependencies = (
				5F36B2302BE7AB3100E08935 /* PBXTargetDependency */,
			);
			name = EZMackerUITests;
			productName = EZMackerUITests;
			productReference = 5F36B22E2BE7AB3100E08935 /* EZMackerUITests.xctest */;
			productType = "com.apple.product-type.bundle.ui-testing";
		};
/* End PBXNativeTarget section */

/* Begin PBXProject section */
		5F36B20B2BE7AB3000E08935 /* Project object */ = {
			isa = PBXProject;
			attributes = {
				BuildIndependentTargetsInParallel = 1;
				LastSwiftUpdateCheck = 1520;
				LastUpgradeCheck = 1540;
				TargetAttributes = {
					5F36B2122BE7AB3000E08935 = {
						CreatedOnToolsVersion = 15.2;
					};
					5F36B2232BE7AB3100E08935 = {
						CreatedOnToolsVersion = 15.2;
						TestTargetID = 5F36B2122BE7AB3000E08935;
					};
					5F36B22D2BE7AB3100E08935 = {
						CreatedOnToolsVersion = 15.2;
						TestTargetID = 5F36B2122BE7AB3000E08935;
					};
				};
			};
			buildConfigurationList = 5F36B20E2BE7AB3000E08935 /* Build configuration list for PBXProject "EZMacker" */;
			compatibilityVersion = "Xcode 14.0";
			developmentRegion = en;
			hasScannedForEncodings = 0;
			knownRegions = (
				en,
				Base,
			);
			mainGroup = 5F36B20A2BE7AB3000E08935;
			packageReferences = (
			);
			productRefGroup = 5F36B2142BE7AB3000E08935 /* Products */;
			projectDirPath = "";
			projectReferences = (
				{
					ProductGroup = 5FE62F7F2C844EE800658155 /* Products */;
					ProjectRef = 5FE62F7D2C844EE800658155 /* EZMackerServiceLib.xcodeproj */;
				},
				{
					ProductGroup = 5FE62F242C843CEF00658155 /* Products */;
					ProjectRef = 5FE62F222C843CEF00658155 /* EZMackerUtilLib.xcodeproj */;
				},
			);
			projectRoot = "";
			targets = (
				5F36B2122BE7AB3000E08935 /* EZMacker */,
				5F36B2232BE7AB3100E08935 /* EZMackerTests */,
				5F36B22D2BE7AB3100E08935 /* EZMackerUITests */,
			);
		};
/* End PBXProject section */

/* Begin PBXReferenceProxy section */
		5FE62F282C843CEF00658155 /* libEZMackerUtilLib.a */ = {
			isa = PBXReferenceProxy;
			fileType = archive.ar;
			path = libEZMackerUtilLib.a;
			remoteRef = 5FE62F272C843CEF00658155 /* PBXContainerItemProxy */;
			sourceTree = BUILT_PRODUCTS_DIR;
		};
		5FE62F832C844EE800658155 /* libEZMackerServiceLib.a */ = {
			isa = PBXReferenceProxy;
			fileType = archive.ar;
			path = libEZMackerServiceLib.a;
			remoteRef = 5FE62F822C844EE800658155 /* PBXContainerItemProxy */;
			sourceTree = BUILT_PRODUCTS_DIR;
		};
/* End PBXReferenceProxy section */

/* Begin PBXResourcesBuildPhase section */
		5F36B2112BE7AB3000E08935 /* Resources */ = {
			isa = PBXResourcesBuildPhase;
			buildActionMask = 2147483647;
			files = (
				5F9DAB412C797CCD000563A2 /* .swiftlint.yml in Resources */,
				5F1A91B12BF8E48F0078F4F8 /* battery_charging_animation.gif in Resources */,
				5F36B21E2BE7AB3100E08935 /* Preview Assets.xcassets in Resources */,
				5F36B21B2BE7AB3100E08935 /* Assets.xcassets in Resources */,
				5F4196792C6C57530019A65F /* battery_connect_animation.gif in Resources */,
			);
			runOnlyForDeploymentPostprocessing = 0;
		};
		5F36B2222BE7AB3100E08935 /* Resources */ = {
			isa = PBXResourcesBuildPhase;
			buildActionMask = 2147483647;
			files = (
			);
			runOnlyForDeploymentPostprocessing = 0;
		};
		5F36B22C2BE7AB3100E08935 /* Resources */ = {
			isa = PBXResourcesBuildPhase;
			buildActionMask = 2147483647;
			files = (
			);
			runOnlyForDeploymentPostprocessing = 0;
		};
/* End PBXResourcesBuildPhase section */

/* Begin PBXShellScriptBuildPhase section */
		5F9DAB3F2C797CAC000563A2 /* ShellScript */ = {
			isa = PBXShellScriptBuildPhase;
			alwaysOutOfDate = 1;
			buildActionMask = 2147483647;
			files = (
			);
			inputFileListPaths = (
			);
			inputPaths = (
			);
			outputFileListPaths = (
			);
			outputPaths = (
			);
			runOnlyForDeploymentPostprocessing = 0;
			shellPath = /bin/sh;
			shellScript = "if [[ \"$(uname -m)\" == arm64 ]]; then\n    export PATH=\"/opt/homebrew/bin:$PATH\"\nfi\n\nif which swiftlint > /dev/null; then\n  swiftlint\nelse\n  echo \"warning: SwiftLint not installed, download from https://github.com/realm/SwiftLint\"\nfi\n";
		};
/* End PBXShellScriptBuildPhase section */

/* Begin PBXSourcesBuildPhase section */
		5F36B20F2BE7AB3000E08935 /* Sources */ = {
			isa = PBXSourcesBuildPhase;
			buildActionMask = 2147483647;
			files = (
				5F6D4E762BE8A2A4004B94F8 /* ToastType.swift in Sources */,
				5F36041C2C3825B500C1B84B /* SmartFileSearchViewModel.swift in Sources */,
				5FDE1EE82C6B0A1E00E67FCE /* EZButtonImageStyle.swift in Sources */,
				5F9DAB502C79F0EA000563A2 /* EZLoadingView.swift in Sources */,
				5F7E0B672C707844000C8C97 /* EZWifiMainView.swift in Sources */,
				5F69D28B2C0DDA9D00F318ED /* EZWifiDetailView.swift in Sources */,
				5F1012AE2BF399F600589C9B /* EZContent.swift in Sources */,
				5F97C3782BF9DAFE00B0DC56 /* SystemPreferenceService.swift in Sources */,
				5FDDCABD2C188189006A528A /* GifRepresentableView.swift in Sources */,
				5F5E23462C6A2E2200CD329F /* EZTabbarButtonStyle.swift in Sources */,
				5F6D4E602BE88213004B94F8 /* AppStorageKey.swift in Sources */,
				5F3CB4582C7052C0007A479D /* BatterySetting.swift in Sources */,
				5F70D5ED2BE7D8F4004509BC /* FontSizeType.swift in Sources */,
				5F0F96732C6B67B800A70564 /* EZTextFieldWrapperStyle.swift in Sources */,
				5F36C0892C17ECE00031C0E3 /* AlertTextFieldView.swift in Sources */,
				5F7E0B692C70789B000C8C97 /* EZWifiStrengthView.swift in Sources */,
				5F7E0B652C7077D9000C8C97 /* EZBatteryMonitoringView.swift in Sources */,
				5F485A092C69AD7D00B32585 /* EZTextFieldStyle.swift in Sources */,
				5F1012B22BF39EBD00589C9B /* EZBatteryInfoView.swift in Sources */,
				5F485A012C69ABDF00B32585 /* EZListViewStyle.swift in Sources */,
				5F7E0B772C709CC9000C8C97 /* EnviromentKey.swift in Sources */,
				5F69D2902C0DECE900F318ED /* AdapterConnect.swift in Sources */,
				5F3DBE132C04BC8800B5C0DE /* View + Extension.swift in Sources */,
				5F6D4E6E2BE88CE1004B94F8 /* ColorSchemeModeType.swift in Sources */,
				5F9DAB482C79AC5A000563A2 /* RadioChannelData.swift in Sources */,
				5FCC8B9A2BF2345300BCCFF3 /* SmartNotificationAlarmViewModel.swift in Sources */,
				5F485A052C69ACCB00B32585 /* EZNormalImageStyle.swift in Sources */,
				5FEE27C82BE9015400847761 /* CategoryView.swift in Sources */,
				5F9999AC2C1DEE9600D38D59 /* BestSSIDShowMode.swift in Sources */,
				5F3604182C38230400C1B84B /* SmartFileLocatorView.swift in Sources */,
				5F1012A62BF3844300589C9B /* EZImage.swift in Sources */,
				5F485A072C69ACEA00B32585 /* EZBackgroundColorStyle.swift in Sources */,
				5F3FF03F2C03392000E3246C /* AppAlertManager.swift in Sources */,
				5F1012AC2BF399ED00589C9B /* EZTitle.swift in Sources */,
				5F3604162C38214A00C1B84B /* SmartFileLocatorViewModel.swift in Sources */,
				5F4589992C0C56FA008FCD41 /* EZWifiChannelView.swift in Sources */,
				5F3FF0322C02C6AE00E3246C /* EZBatteryBarView.swift in Sources */,
				5F3CB45C2C7052DE007A479D /* FileLocatorSetting.swift in Sources */,
				5FE62FBB2C845D3A00658155 /* AppStorageSetting.swift in Sources */,
				5F97C3762BF9D25000B0DC56 /* SettingPreference.swift in Sources */,
				5FEE27CF2BE901D900847761 /* ColorSchemeToolbarView.swift in Sources */,
				5F97C3822BFA132E00B0DC56 /* SmartWifiView.swift in Sources */,
				5F3FF03D2C03384100E3246C /* AppNotificationCenter.swift in Sources */,
				5F3A519A2C71C2D0000B2C2F /* FileManager + Extension.swift in Sources */,
				5F36B2172BE7AB3000E08935 /* EZMackerApp.swift in Sources */,
				5F485A0D2C69AF7C00B32585 /* EZButtonStyle.swift in Sources */,
				5F16A7DC2C358F07003EA0BE /* FileQueryData.swift in Sources */,
				5F78156B2C69DF9F00DE5F39 /* EZInnerBackgroundStyle.swift in Sources */,
				5F027B282C82E18500DF929B /* BatteryMetricsData.swift in Sources */,
				5F3CB45A2C7052D3007A479D /* WifiSetting.swift in Sources */,
				5F027B2A2C82E7BF00DF929B /* AdapterMetricsData.swift in Sources */,
				5F485A0B2C69AE8C00B32585 /* EZListRowStyle.swift in Sources */,
				5F70D5E22BE7C586004509BC /* CategoryType.swift in Sources */,
				5F36041A2C38259400C1B84B /* SmartFileSearchView.swift in Sources */,
				5F9DAB4C2C79C207000563A2 /* WifiConnectData.swift in Sources */,
				5F9999B02C1DF0E000D38D59 /* AppUsageExit.swift in Sources */,
				5F97C3842BFA133A00B0DC56 /* SmartWifiViewModel.swift in Sources */,
				5F69D2922C0DED4800F318ED /* AdapterData.swift in Sources */,
				5F3FF0342C02EE8600E3246C /* ColorSchemeViewModel.swift in Sources */,
				5F5E234C2C6A483A00CD329F /* EZTabbarGridStyle.swift in Sources */,
				5F7E0B6B2C70790F000C8C97 /* EZBatteryAdapterView.swift in Sources */,
				5F027B262C82D55900DF929B /* BatteryConditionData.swift in Sources */,
				5F60FC8C2C8C05BE001A4D41 /* MacModelIdentifier.swift in Sources */,
				5F6D4E7C2BE8A328004B94F8 /* ToastData.swift in Sources */,
				5F027B2C2C82EC3900DF929B /* SmartBatteryView.swift in Sources */,
				5FDDCABB2C188152006A528A /* TextFieldRepresentableView.swift in Sources */,
				5FE7B8CE2C1DA5E300AA841E /* AlertOKCancleView.swift in Sources */,
				5F69D2942C0DEDA100F318ED /* ScanningWifiData.swift in Sources */,
				5F485A032C69ACB100B32585 /* EZNormalTextStyle.swift in Sources */,
				5F70D5DD2BE7BDE0004509BC /* SmartBatteryViewModel.swift in Sources */,
				5F72B7C82C42357B0060DEA0 /* FileTabData.swift in Sources */,
				5F6D4E6C2BE88CC6004B94F8 /* ThemeColorType.swift in Sources */,
				5F5E234A2C6A469600CD329F /* EZTabbarBackgroundStyle.swift in Sources */,
				5F6D4E792BE8A2DA004B94F8 /* ToastView.swift in Sources */,
				5F3FF0302C02BE9800E3246C /* ChargeData.swift in Sources */,
				5F36B2442BE7ACC000E08935 /* MainContentView.swift in Sources */,
				5FCC8B982BF2344400BCCFF3 /* SmartNotificationAlarmView.swift in Sources */,
				5F6D4E6A2BE88AD9004B94F8 /* ToolbarKeyType.swift in Sources */,
				5F7E0B742C709CB6000C8C97 /* AppEnviroment.swift in Sources */,
			);
			runOnlyForDeploymentPostprocessing = 0;
		};
		5F36B2202BE7AB3100E08935 /* Sources */ = {
			isa = PBXSourcesBuildPhase;
			buildActionMask = 2147483647;
			files = (
				5F36B2292BE7AB3100E08935 /* EZMackerTests.swift in Sources */,
			);
			runOnlyForDeploymentPostprocessing = 0;
		};
		5F36B22A2BE7AB3100E08935 /* Sources */ = {
			isa = PBXSourcesBuildPhase;
			buildActionMask = 2147483647;
			files = (
				5F36B2352BE7AB3100E08935 /* EZMackerUITestsLaunchTests.swift in Sources */,
				5F36B2332BE7AB3100E08935 /* EZMackerUITests.swift in Sources */,
			);
			runOnlyForDeploymentPostprocessing = 0;
		};
/* End PBXSourcesBuildPhase section */

/* Begin PBXTargetDependency section */
		5F36B2262BE7AB3100E08935 /* PBXTargetDependency */ = {
			isa = PBXTargetDependency;
			target = 5F36B2122BE7AB3000E08935 /* EZMacker */;
			targetProxy = 5F36B2252BE7AB3100E08935 /* PBXContainerItemProxy */;
		};
		5F36B2302BE7AB3100E08935 /* PBXTargetDependency */ = {
			isa = PBXTargetDependency;
			target = 5F36B2122BE7AB3000E08935 /* EZMacker */;
			targetProxy = 5F36B22F2BE7AB3100E08935 /* PBXContainerItemProxy */;
		};
/* End PBXTargetDependency section */

/* Begin XCBuildConfiguration section */
		5F36B2362BE7AB3100E08935 /* Debug */ = {
			isa = XCBuildConfiguration;
			buildSettings = {
				ALWAYS_SEARCH_USER_PATHS = NO;
				ASSETCATALOG_COMPILER_GENERATE_SWIFT_ASSET_SYMBOL_EXTENSIONS = YES;
				CLANG_ANALYZER_NONNULL = YES;
				CLANG_ANALYZER_NUMBER_OBJECT_CONVERSION = YES_AGGRESSIVE;
				CLANG_CXX_LANGUAGE_STANDARD = "gnu++20";
				CLANG_ENABLE_MODULES = YES;
				CLANG_ENABLE_OBJC_ARC = YES;
				CLANG_ENABLE_OBJC_WEAK = YES;
				CLANG_WARN_BLOCK_CAPTURE_AUTORELEASING = YES;
				CLANG_WARN_BOOL_CONVERSION = YES;
				CLANG_WARN_COMMA = YES;
				CLANG_WARN_CONSTANT_CONVERSION = YES;
				CLANG_WARN_DEPRECATED_OBJC_IMPLEMENTATIONS = YES;
				CLANG_WARN_DIRECT_OBJC_ISA_USAGE = YES_ERROR;
				CLANG_WARN_DOCUMENTATION_COMMENTS = YES;
				CLANG_WARN_EMPTY_BODY = YES;
				CLANG_WARN_ENUM_CONVERSION = YES;
				CLANG_WARN_INFINITE_RECURSION = YES;
				CLANG_WARN_INT_CONVERSION = YES;
				CLANG_WARN_NON_LITERAL_NULL_CONVERSION = YES;
				CLANG_WARN_OBJC_IMPLICIT_RETAIN_SELF = YES;
				CLANG_WARN_OBJC_LITERAL_CONVERSION = YES;
				CLANG_WARN_OBJC_ROOT_CLASS = YES_ERROR;
				CLANG_WARN_QUOTED_INCLUDE_IN_FRAMEWORK_HEADER = YES;
				CLANG_WARN_RANGE_LOOP_ANALYSIS = YES;
				CLANG_WARN_STRICT_PROTOTYPES = YES;
				CLANG_WARN_SUSPICIOUS_MOVE = YES;
				CLANG_WARN_UNGUARDED_AVAILABILITY = YES_AGGRESSIVE;
				CLANG_WARN_UNREACHABLE_CODE = YES;
				CLANG_WARN__DUPLICATE_METHOD_MATCH = YES;
				COPY_PHASE_STRIP = NO;
				DEAD_CODE_STRIPPING = YES;
				DEBUG_INFORMATION_FORMAT = dwarf;
				ENABLE_STRICT_OBJC_MSGSEND = YES;
				ENABLE_TESTABILITY = YES;
				ENABLE_USER_SCRIPT_SANDBOXING = NO;
				GCC_C_LANGUAGE_STANDARD = gnu17;
				GCC_DYNAMIC_NO_PIC = NO;
				GCC_NO_COMMON_BLOCKS = YES;
				GCC_OPTIMIZATION_LEVEL = 0;
				GCC_PREPROCESSOR_DEFINITIONS = (
					"DEBUG=1",
					"$(inherited)",
				);
				GCC_WARN_64_TO_32_BIT_CONVERSION = YES;
				GCC_WARN_ABOUT_RETURN_TYPE = YES_ERROR;
				GCC_WARN_UNDECLARED_SELECTOR = YES;
				GCC_WARN_UNINITIALIZED_AUTOS = YES_AGGRESSIVE;
				GCC_WARN_UNUSED_FUNCTION = YES;
				GCC_WARN_UNUSED_VARIABLE = YES;
				LOCALIZATION_PREFERS_STRING_CATALOGS = YES;
				MACOSX_DEPLOYMENT_TARGET = 14.0;
				MTL_ENABLE_DEBUG_INFO = INCLUDE_SOURCE;
				MTL_FAST_MATH = YES;
				ONLY_ACTIVE_ARCH = YES;
				SDKROOT = macosx;
				SWIFT_ACTIVE_COMPILATION_CONDITIONS = "DEBUG $(inherited) PROFILE_INFO TEST_REMOVE IMPORVE_LATER";
				SWIFT_OPTIMIZATION_LEVEL = "-Onone";
			};
			name = Debug;
		};
		5F36B2372BE7AB3100E08935 /* Release */ = {
			isa = XCBuildConfiguration;
			buildSettings = {
				ALWAYS_SEARCH_USER_PATHS = NO;
				ASSETCATALOG_COMPILER_GENERATE_SWIFT_ASSET_SYMBOL_EXTENSIONS = YES;
				CLANG_ANALYZER_NONNULL = YES;
				CLANG_ANALYZER_NUMBER_OBJECT_CONVERSION = YES_AGGRESSIVE;
				CLANG_CXX_LANGUAGE_STANDARD = "gnu++20";
				CLANG_ENABLE_MODULES = YES;
				CLANG_ENABLE_OBJC_ARC = YES;
				CLANG_ENABLE_OBJC_WEAK = YES;
				CLANG_WARN_BLOCK_CAPTURE_AUTORELEASING = YES;
				CLANG_WARN_BOOL_CONVERSION = YES;
				CLANG_WARN_COMMA = YES;
				CLANG_WARN_CONSTANT_CONVERSION = YES;
				CLANG_WARN_DEPRECATED_OBJC_IMPLEMENTATIONS = YES;
				CLANG_WARN_DIRECT_OBJC_ISA_USAGE = YES_ERROR;
				CLANG_WARN_DOCUMENTATION_COMMENTS = YES;
				CLANG_WARN_EMPTY_BODY = YES;
				CLANG_WARN_ENUM_CONVERSION = YES;
				CLANG_WARN_INFINITE_RECURSION = YES;
				CLANG_WARN_INT_CONVERSION = YES;
				CLANG_WARN_NON_LITERAL_NULL_CONVERSION = YES;
				CLANG_WARN_OBJC_IMPLICIT_RETAIN_SELF = YES;
				CLANG_WARN_OBJC_LITERAL_CONVERSION = YES;
				CLANG_WARN_OBJC_ROOT_CLASS = YES_ERROR;
				CLANG_WARN_QUOTED_INCLUDE_IN_FRAMEWORK_HEADER = YES;
				CLANG_WARN_RANGE_LOOP_ANALYSIS = YES;
				CLANG_WARN_STRICT_PROTOTYPES = YES;
				CLANG_WARN_SUSPICIOUS_MOVE = YES;
				CLANG_WARN_UNGUARDED_AVAILABILITY = YES_AGGRESSIVE;
				CLANG_WARN_UNREACHABLE_CODE = YES;
				CLANG_WARN__DUPLICATE_METHOD_MATCH = YES;
				COPY_PHASE_STRIP = NO;
				DEAD_CODE_STRIPPING = YES;
				DEBUG_INFORMATION_FORMAT = "dwarf-with-dsym";
				ENABLE_NS_ASSERTIONS = NO;
				ENABLE_STRICT_OBJC_MSGSEND = YES;
				ENABLE_USER_SCRIPT_SANDBOXING = NO;
				GCC_C_LANGUAGE_STANDARD = gnu17;
				GCC_NO_COMMON_BLOCKS = YES;
				GCC_WARN_64_TO_32_BIT_CONVERSION = YES;
				GCC_WARN_ABOUT_RETURN_TYPE = YES_ERROR;
				GCC_WARN_UNDECLARED_SELECTOR = YES;
				GCC_WARN_UNINITIALIZED_AUTOS = YES_AGGRESSIVE;
				GCC_WARN_UNUSED_FUNCTION = YES;
				GCC_WARN_UNUSED_VARIABLE = YES;
				LOCALIZATION_PREFERS_STRING_CATALOGS = YES;
				MACOSX_DEPLOYMENT_TARGET = 14.0;
				MTL_ENABLE_DEBUG_INFO = NO;
				MTL_FAST_MATH = YES;
				SDKROOT = macosx;
				SWIFT_COMPILATION_MODE = wholemodule;
			};
			name = Release;
		};
		5F36B2392BE7AB3100E08935 /* Debug */ = {
			isa = XCBuildConfiguration;
			buildSettings = {
				ASSETCATALOG_COMPILER_APPICON_NAME = AppIcon;
				ASSETCATALOG_COMPILER_GLOBAL_ACCENT_COLOR_NAME = AccentColor;
				CODE_SIGN_ENTITLEMENTS = EZMacker/EZMacker.entitlements;
				CODE_SIGN_IDENTITY = "Apple Development";
				"CODE_SIGN_IDENTITY[sdk=macosx*]" = "-";
				CODE_SIGN_STYLE = Manual;
				COMBINE_HIDPI_IMAGES = YES;
				CURRENT_PROJECT_VERSION = 1;
				DEAD_CODE_STRIPPING = YES;
				DEVELOPMENT_ASSET_PATHS = "\"EZMacker/Preview Content\"";
				DEVELOPMENT_TEAM = "";
				"DEVELOPMENT_TEAM[sdk=macosx*]" = "";
				ENABLE_HARDENED_RUNTIME = YES;
				ENABLE_PREVIEWS = YES;
				GENERATE_INFOPLIST_FILE = YES;
				INFOPLIST_FILE = EZMacker/Info.plist;
				INFOPLIST_KEY_CFBundleDisplayName = EZMacker;
				INFOPLIST_KEY_LSApplicationCategoryType = "public.app-category.utilities";
				INFOPLIST_KEY_NSHumanReadableCopyright = "";
				INFOPLIST_KEY_NSLocationUsageDescription = "와이파이 접근권한이 필요합니다.";
				INFOPLIST_KEY_NSLocationWhenInUseUsageDescription = "와이파이 접근권한이 필요합니다.";
				LD_RUNPATH_SEARCH_PATHS = (
					"$(inherited)",
					"@executable_path/../Frameworks",
				);
				MACOSX_DEPLOYMENT_TARGET = 14.0;
				MARKETING_VERSION = 1.0;
				PRODUCT_BUNDLE_IDENTIFIER = ezmacker.com;
				PRODUCT_NAME = "$(TARGET_NAME)";
				PROVISIONING_PROFILE_SPECIFIER = "";
				"PROVISIONING_PROFILE_SPECIFIER[sdk=macosx*]" = "";
				SWIFT_EMIT_LOC_STRINGS = YES;
				SWIFT_VERSION = 5.0;
			};
			name = Debug;
		};
		5F36B23A2BE7AB3100E08935 /* Release */ = {
			isa = XCBuildConfiguration;
			buildSettings = {
				ASSETCATALOG_COMPILER_APPICON_NAME = AppIcon;
				ASSETCATALOG_COMPILER_GLOBAL_ACCENT_COLOR_NAME = AccentColor;
				CODE_SIGN_ENTITLEMENTS = EZMacker/EZMacker.entitlements;
				CODE_SIGN_IDENTITY = "Apple Development";
				"CODE_SIGN_IDENTITY[sdk=macosx*]" = "-";
				CODE_SIGN_STYLE = Manual;
				COMBINE_HIDPI_IMAGES = YES;
				CURRENT_PROJECT_VERSION = 1;
				DEAD_CODE_STRIPPING = YES;
				DEVELOPMENT_ASSET_PATHS = "\"EZMacker/Preview Content\"";
				DEVELOPMENT_TEAM = "";
				"DEVELOPMENT_TEAM[sdk=macosx*]" = "";
				ENABLE_HARDENED_RUNTIME = YES;
				ENABLE_PREVIEWS = YES;
				GENERATE_INFOPLIST_FILE = YES;
				INFOPLIST_FILE = EZMacker/Info.plist;
				INFOPLIST_KEY_CFBundleDisplayName = EZMacker;
				INFOPLIST_KEY_LSApplicationCategoryType = "public.app-category.utilities";
				INFOPLIST_KEY_NSHumanReadableCopyright = "";
				INFOPLIST_KEY_NSLocationUsageDescription = "와이파이 접근권한이 필요합니다.";
				INFOPLIST_KEY_NSLocationWhenInUseUsageDescription = "와이파이 접근권한이 필요합니다.";
				LD_RUNPATH_SEARCH_PATHS = (
					"$(inherited)",
					"@executable_path/../Frameworks",
				);
				MACOSX_DEPLOYMENT_TARGET = 14.0;
				MARKETING_VERSION = 1.0;
				PRODUCT_BUNDLE_IDENTIFIER = ezmacker.com;
				PRODUCT_NAME = "$(TARGET_NAME)";
				PROVISIONING_PROFILE_SPECIFIER = "";
				"PROVISIONING_PROFILE_SPECIFIER[sdk=macosx*]" = "";
				SWIFT_EMIT_LOC_STRINGS = YES;
				SWIFT_VERSION = 5.0;
			};
			name = Release;
		};
		5F36B23C2BE7AB3100E08935 /* Debug */ = {
			isa = XCBuildConfiguration;
			buildSettings = {
				ALWAYS_EMBED_SWIFT_STANDARD_LIBRARIES = YES;
				CODE_SIGN_STYLE = Automatic;
				CURRENT_PROJECT_VERSION = 1;
				DEAD_CODE_STRIPPING = YES;
				DEVELOPMENT_TEAM = C9QJLU3JB2;
				GENERATE_INFOPLIST_FILE = YES;
				MACOSX_DEPLOYMENT_TARGET = 14.0;
				MARKETING_VERSION = 1.0;
				PRODUCT_BUNDLE_IDENTIFIER = "-.EZMackerTests";
				PRODUCT_NAME = "$(TARGET_NAME)";
				SWIFT_EMIT_LOC_STRINGS = NO;
				SWIFT_VERSION = 5.0;
				TEST_HOST = "$(BUILT_PRODUCTS_DIR)/EZMacker.app/$(BUNDLE_EXECUTABLE_FOLDER_PATH)/EZMacker";
			};
			name = Debug;
		};
		5F36B23D2BE7AB3100E08935 /* Release */ = {
			isa = XCBuildConfiguration;
			buildSettings = {
				ALWAYS_EMBED_SWIFT_STANDARD_LIBRARIES = YES;
				CODE_SIGN_STYLE = Automatic;
				CURRENT_PROJECT_VERSION = 1;
				DEAD_CODE_STRIPPING = YES;
				DEVELOPMENT_TEAM = C9QJLU3JB2;
				GENERATE_INFOPLIST_FILE = YES;
				MACOSX_DEPLOYMENT_TARGET = 14.0;
				MARKETING_VERSION = 1.0;
				PRODUCT_BUNDLE_IDENTIFIER = "-.EZMackerTests";
				PRODUCT_NAME = "$(TARGET_NAME)";
				SWIFT_EMIT_LOC_STRINGS = NO;
				SWIFT_VERSION = 5.0;
				TEST_HOST = "$(BUILT_PRODUCTS_DIR)/EZMacker.app/$(BUNDLE_EXECUTABLE_FOLDER_PATH)/EZMacker";
			};
			name = Release;
		};
		5F36B23F2BE7AB3100E08935 /* Debug */ = {
			isa = XCBuildConfiguration;
			buildSettings = {
				ALWAYS_EMBED_SWIFT_STANDARD_LIBRARIES = YES;
				CODE_SIGN_STYLE = Automatic;
				CURRENT_PROJECT_VERSION = 1;
				DEAD_CODE_STRIPPING = YES;
				DEVELOPMENT_TEAM = C9QJLU3JB2;
				GENERATE_INFOPLIST_FILE = YES;
				MARKETING_VERSION = 1.0;
				PRODUCT_BUNDLE_IDENTIFIER = "-.EZMackerUITests";
				PRODUCT_NAME = "$(TARGET_NAME)";
				SWIFT_EMIT_LOC_STRINGS = NO;
				SWIFT_VERSION = 5.0;
				TEST_TARGET_NAME = EZMacker;
			};
			name = Debug;
		};
		5F36B2402BE7AB3100E08935 /* Release */ = {
			isa = XCBuildConfiguration;
			buildSettings = {
				ALWAYS_EMBED_SWIFT_STANDARD_LIBRARIES = YES;
				CODE_SIGN_STYLE = Automatic;
				CURRENT_PROJECT_VERSION = 1;
				DEAD_CODE_STRIPPING = YES;
				DEVELOPMENT_TEAM = C9QJLU3JB2;
				GENERATE_INFOPLIST_FILE = YES;
				MARKETING_VERSION = 1.0;
				PRODUCT_BUNDLE_IDENTIFIER = "-.EZMackerUITests";
				PRODUCT_NAME = "$(TARGET_NAME)";
				SWIFT_EMIT_LOC_STRINGS = NO;
				SWIFT_VERSION = 5.0;
				TEST_TARGET_NAME = EZMacker;
			};
			name = Release;
		};
/* End XCBuildConfiguration section */

/* Begin XCConfigurationList section */
		5F36B20E2BE7AB3000E08935 /* Build configuration list for PBXProject "EZMacker" */ = {
			isa = XCConfigurationList;
			buildConfigurations = (
				5F36B2362BE7AB3100E08935 /* Debug */,
				5F36B2372BE7AB3100E08935 /* Release */,
			);
			defaultConfigurationIsVisible = 0;
			defaultConfigurationName = Debug;
		};
		5F36B2382BE7AB3100E08935 /* Build configuration list for PBXNativeTarget "EZMacker" */ = {
			isa = XCConfigurationList;
			buildConfigurations = (
				5F36B2392BE7AB3100E08935 /* Debug */,
				5F36B23A2BE7AB3100E08935 /* Release */,
			);
			defaultConfigurationIsVisible = 0;
			defaultConfigurationName = Debug;
		};
		5F36B23B2BE7AB3100E08935 /* Build configuration list for PBXNativeTarget "EZMackerTests" */ = {
			isa = XCConfigurationList;
			buildConfigurations = (
				5F36B23C2BE7AB3100E08935 /* Debug */,
				5F36B23D2BE7AB3100E08935 /* Release */,
			);
			defaultConfigurationIsVisible = 0;
			defaultConfigurationName = Debug;
		};
		5F36B23E2BE7AB3100E08935 /* Build configuration list for PBXNativeTarget "EZMackerUITests" */ = {
			isa = XCConfigurationList;
			buildConfigurations = (
				5F36B23F2BE7AB3100E08935 /* Debug */,
				5F36B2402BE7AB3100E08935 /* Release */,
			);
			defaultConfigurationIsVisible = 0;
			defaultConfigurationName = Debug;
		};
/* End XCConfigurationList section */
	};
	rootObject = 5F36B20B2BE7AB3000E08935 /* Project object */;
}
